// !$*UTF8*$!
{
	archiveVersion = 1;
	classes = {
	};
	objectVersion = 46;
	objects = {

/* Begin PBXBuildFile section */
		24030AE41C1C821C004E68ED /* AppDelegate.swift in Sources */ = {isa = PBXBuildFile; fileRef = 24030AE31C1C821C004E68ED /* AppDelegate.swift */; };
		24030AE91C1C821C004E68ED /* Main.storyboard in Resources */ = {isa = PBXBuildFile; fileRef = 24030AE71C1C821C004E68ED /* Main.storyboard */; };
		24030AEE1C1C821C004E68ED /* Assets.xcassets in Resources */ = {isa = PBXBuildFile; fileRef = 24030AED1C1C821C004E68ED /* Assets.xcassets */; };
		24030AF11C1C821C004E68ED /* LaunchScreen.storyboard in Resources */ = {isa = PBXBuildFile; fileRef = 24030AEF1C1C821C004E68ED /* LaunchScreen.storyboard */; };
		24095BD61C7C92F800CC970E /* AppGroupSharedData.swift in Sources */ = {isa = PBXBuildFile; fileRef = 24095BD51C7C92F800CC970E /* AppGroupSharedData.swift */; };
		241D65AC1C7B3E0E00938CE8 /* BorderButton.swift in Sources */ = {isa = PBXBuildFile; fileRef = 2488C7081C6F686D00EF8F45 /* BorderButton.swift */; };
		241D65AF1C7B43AC00938CE8 /* TodayExtensionTodayTableViewCell.swift in Sources */ = {isa = PBXBuildFile; fileRef = 241D65AE1C7B43AC00938CE8 /* TodayExtensionTodayTableViewCell.swift */; };
		2425BBA91C5E3A0E008AD9A4 /* StreakTableViewCell.swift in Sources */ = {isa = PBXBuildFile; fileRef = 2425BBA81C5E3A0E008AD9A4 /* StreakTableViewCell.swift */; };
		24338CF01C7BEBD9007FCAD1 /* TodayKit.framework in Frameworks */ = {isa = PBXBuildFile; fileRef = 24C6C1A51C54F9970041C31F /* TodayKit.framework */; };
		243535191C7B50380044D13A /* ChartViewBase.swift in Sources */ = {isa = PBXBuildFile; fileRef = 244BF0941C624EF400A9543A /* ChartViewBase.swift */; };
		2435351A1C7B50570044D13A /* ChartData.swift in Sources */ = {isa = PBXBuildFile; fileRef = 2401ACC91C63854100E0691F /* ChartData.swift */; };
		2435351B1C7B50570044D13A /* ChartViewDataSource.swift in Sources */ = {isa = PBXBuildFile; fileRef = 244BF08F1C623DF600A9543A /* ChartViewDataSource.swift */; };
		2435351C1C7B50570044D13A /* DataProvider.swift in Sources */ = {isa = PBXBuildFile; fileRef = 24F9DC361C2EF9F9003A6427 /* DataProvider.swift */; };
		2435351D1C7B50570044D13A /* DataSource.swift in Sources */ = {isa = PBXBuildFile; fileRef = 24F9DC381C2EFAC5003A6427 /* DataSource.swift */; };
		2435351E1C7B50570044D13A /* FetchedResultsDataProvider.swift in Sources */ = {isa = PBXBuildFile; fileRef = 24F9DC3A1C2EFB0F003A6427 /* FetchedResultsDataProvider.swift */; };
		2435351F1C7B50570044D13A /* TableViewDataSource.swift in Sources */ = {isa = PBXBuildFile; fileRef = 24F9DC3C1C2EFCD4003A6427 /* TableViewDataSource.swift */; };
		2437C7D51CC527DD004F5C27 /* TodayDataTests.swift in Sources */ = {isa = PBXBuildFile; fileRef = 2437C7D41CC527DD004F5C27 /* TodayDataTests.swift */; };
		243CC6EF1CC5393900E41407 /* Today+iOS.swift in Sources */ = {isa = PBXBuildFile; fileRef = 243CC6EE1CC5393900E41407 /* Today+iOS.swift */; };
		243CC6F11CC53A3400E41407 /* Streak+iOS.swift in Sources */ = {isa = PBXBuildFile; fileRef = 243CC6F01CC53A3400E41407 /* Streak+iOS.swift */; };
		24444A5E1C30A02A00DC1579 /* AddTodayViewController.swift in Sources */ = {isa = PBXBuildFile; fileRef = 24444A5D1C30A02A00DC1579 /* AddTodayViewController.swift */; };
		244631451C3AB8BA002BBD06 /* PaddingLabel.swift in Sources */ = {isa = PBXBuildFile; fileRef = 244631441C3AB8BA002BBD06 /* PaddingLabel.swift */; };
		244B9A671C7B50FA004AF2DC /* NotificationManager.swift in Sources */ = {isa = PBXBuildFile; fileRef = 242F984A1C49282200DBC64B /* NotificationManager.swift */; };
		244B9A701C7B51F6004AF2DC /* ManagedObjectContextSettable.swift in Sources */ = {isa = PBXBuildFile; fileRef = 240F14771C2A9FD40003B2AF /* ManagedObjectContextSettable.swift */; };
		244B9A721C7B5208004AF2DC /* ConfigurableCell.swift in Sources */ = {isa = PBXBuildFile; fileRef = 24F9DC3E1C2EFD33003A6427 /* ConfigurableCell.swift */; };
		244B9A731C7B529F004AF2DC /* SegueHandlerType.swift in Sources */ = {isa = PBXBuildFile; fileRef = 240F147D1C2ABC000003B2AF /* SegueHandlerType.swift */; };
		244B9A741C7B52B3004AF2DC /* Identifiable.swift in Sources */ = {isa = PBXBuildFile; fileRef = 242D5A6E1C7374C500789616 /* Identifiable.swift */; };
		244B9A771C7B5910004AF2DC /* Assets.xcassets in Resources */ = {isa = PBXBuildFile; fileRef = 244B9A761C7B5910004AF2DC /* Assets.xcassets */; };
		245464671C75FFEF0030EF82 /* WatchConnectivityActionType.swift in Sources */ = {isa = PBXBuildFile; fileRef = 245464661C75FFEF0030EF82 /* WatchConnectivityActionType.swift */; };
		245464681C75FFEF0030EF82 /* WatchConnectivityActionType.swift in Sources */ = {isa = PBXBuildFile; fileRef = 245464661C75FFEF0030EF82 /* WatchConnectivityActionType.swift */; };
		24561EA71C6F77D500022222 /* GetStartedViewController.swift in Sources */ = {isa = PBXBuildFile; fileRef = 24561EA61C6F77D500022222 /* GetStartedViewController.swift */; };
		245FA6671CBFDA1700A8ABEC /* TodayKitIOSTests.swift in Sources */ = {isa = PBXBuildFile; fileRef = 245FA6661CBFDA1700A8ABEC /* TodayKitIOSTests.swift */; };
		245FA6791CBFE92A00A8ABEC /* TodayHelperTests.swift in Sources */ = {isa = PBXBuildFile; fileRef = 245FA6781CBFE92A00A8ABEC /* TodayHelperTests.swift */; };
		246214C01CC2739200009053 /* Settings.bundle in Resources */ = {isa = PBXBuildFile; fileRef = 246214BF1CC2739200009053 /* Settings.bundle */; };
		2463EBB41CC67B130082AA19 /* TodayUITests.swift in Sources */ = {isa = PBXBuildFile; fileRef = 2463EBB31CC67B130082AA19 /* TodayUITests.swift */; };
		2463EBBC1CC67CCB0082AA19 /* TodayFirstLaunchUITests.swift in Sources */ = {isa = PBXBuildFile; fileRef = 2463EBBB1CC67CCB0082AA19 /* TodayFirstLaunchUITests.swift */; };
		2466884F1C1DB45E00C5E5A0 /* Activity.storyboard in Resources */ = {isa = PBXBuildFile; fileRef = 2466884D1C1DB45E00C5E5A0 /* Activity.storyboard */; };
		246688511C1DB4ED00C5E5A0 /* TodaysTableViewController.swift in Sources */ = {isa = PBXBuildFile; fileRef = 246688501C1DB4ED00C5E5A0 /* TodaysTableViewController.swift */; };
		246688561C1DB61100C5E5A0 /* Today.storyboard in Resources */ = {isa = PBXBuildFile; fileRef = 246688541C1DB61100C5E5A0 /* Today.storyboard */; };
		246AC1811C5120FF0047AAE7 /* AddTodayInterfaceController.swift in Sources */ = {isa = PBXBuildFile; fileRef = 246AC1801C5120FF0047AAE7 /* AddTodayInterfaceController.swift */; };
		24732F4B1C5E4F8600655994 /* ScoreChartView.swift in Sources */ = {isa = PBXBuildFile; fileRef = 24732F4A1C5E4F8600655994 /* ScoreChartView.swift */; };
		247363BD1CB5582E007F68C7 /* TodayKitModelTests.swift in Sources */ = {isa = PBXBuildFile; fileRef = 247363BC1CB5582E007F68C7 /* TodayKitModelTests.swift */; };
		247E4D611C54FCB800C134DB /* Setting.plist in Resources */ = {isa = PBXBuildFile; fileRef = 24D4E3461C43E1D900F6DA6A /* Setting.plist */; };
		2488C7091C6F686D00EF8F45 /* BorderButton.swift in Sources */ = {isa = PBXBuildFile; fileRef = 2488C7081C6F686D00EF8F45 /* BorderButton.swift */; };
		248DD1311C87289D00BF2400 /* GetStarted.storyboard in Resources */ = {isa = PBXBuildFile; fileRef = 248DD1331C87289D00BF2400 /* GetStarted.storyboard */; };
		248DD1371C872D2600BF2400 /* WatchIdentifiable.swift in Sources */ = {isa = PBXBuildFile; fileRef = 248DD1361C872D2600BF2400 /* WatchIdentifiable.swift */; };
		24A1CFE11C36D8FA00F0E9CE /* ScoreCircleView.swift in Sources */ = {isa = PBXBuildFile; fileRef = 24A1CFE01C36D8FA00F0E9CE /* ScoreCircleView.swift */; };
		24A39ADA1C89C9C800DE0090 /* WatchData.swift in Sources */ = {isa = PBXBuildFile; fileRef = 24A39AD91C89C9C800DE0090 /* WatchData.swift */; };
		24A487F51C5503C50015DB05 /* TodayWatchKit.framework in Frameworks */ = {isa = PBXBuildFile; fileRef = 24A487EE1C5503C50015DB05 /* TodayWatchKit.framework */; };
		24A487F61C5503C50015DB05 /* TodayWatchKit.framework in Embed Frameworks */ = {isa = PBXBuildFile; fileRef = 24A487EE1C5503C50015DB05 /* TodayWatchKit.framework */; settings = {ATTRIBUTES = (CodeSignOnCopy, RemoveHeadersOnCopy, ); }; };
		24A487FA1C55045D0015DB05 /* Today.swift in Sources */ = {isa = PBXBuildFile; fileRef = 24C77EA81C2A8C6F00493C13 /* Today.swift */; };
		24A487FC1C55054C0015DB05 /* Streak.swift in Sources */ = {isa = PBXBuildFile; fileRef = 24E538D81C49E22900B781D8 /* Streak.swift */; };
		24A488031C5505AF0015DB05 /* Utilities.swift in Sources */ = {isa = PBXBuildFile; fileRef = 24DBB5901C2C367100E1C042 /* Utilities.swift */; };
		24A9E9791C6CDC3F00739226 /* ManagedObject.swift in Sources */ = {isa = PBXBuildFile; fileRef = 24C77EA11C2A8B6C00493C13 /* ManagedObject.swift */; };
		24B744E81C873528000E0FFC /* Localizable.strings in Resources */ = {isa = PBXBuildFile; fileRef = 24B744EA1C873528000E0FFC /* Localizable.strings */; };
		24B744EF1C873882000E0FFC /* Localizable.strings in Resources */ = {isa = PBXBuildFile; fileRef = 24B744F11C873882000E0FFC /* Localizable.strings */; };
		24C6AE971C2831660048C4D1 /* TodayTableViewCell.swift in Sources */ = {isa = PBXBuildFile; fileRef = 24C6AE961C2831660048C4D1 /* TodayTableViewCell.swift */; };
		24C6C1AF1C54F9970041C31F /* TodayKit.framework in Frameworks */ = {isa = PBXBuildFile; fileRef = 24C6C1A51C54F9970041C31F /* TodayKit.framework */; };
		24C6C1B61C54F9970041C31F /* TodayKitHelperTests.swift in Sources */ = {isa = PBXBuildFile; fileRef = 24C6C1B51C54F9970041C31F /* TodayKitHelperTests.swift */; };
		24C6C1C21C54F9DB0041C31F /* Setting.swift in Sources */ = {isa = PBXBuildFile; fileRef = 24FE71321C4245D400A14B9D /* Setting.swift */; };
		24C6C1C41C54F9F60041C31F /* Streak.swift in Sources */ = {isa = PBXBuildFile; fileRef = 24E538D81C49E22900B781D8 /* Streak.swift */; };
		24C6C1C51C54F9F90041C31F /* Today.swift in Sources */ = {isa = PBXBuildFile; fileRef = 24C77EA81C2A8C6F00493C13 /* Today.swift */; };
		24C6C1C61C54F9FD0041C31F /* Today.xcdatamodeld in Sources */ = {isa = PBXBuildFile; fileRef = 24C77EA41C2A8C3400493C13 /* Today.xcdatamodeld */; };
		24C6C1C71C54FA010041C31F /* CoreDataManager.swift in Sources */ = {isa = PBXBuildFile; fileRef = 240F14741C2A9CDE0003B2AF /* CoreDataManager.swift */; };
		24C6C1C81C54FA050041C31F /* ManagedObject.swift in Sources */ = {isa = PBXBuildFile; fileRef = 24C77EA11C2A8B6C00493C13 /* ManagedObject.swift */; };
		24C6C1C91C54FA080041C31F /* NSManagedObjectContext+Extensions.swift in Sources */ = {isa = PBXBuildFile; fileRef = 24444A591C306B4B00DC1579 /* NSManagedObjectContext+Extensions.swift */; };
		24C6C1CA1C54FA0A0041C31F /* Utilities.swift in Sources */ = {isa = PBXBuildFile; fileRef = 24DBB5901C2C367100E1C042 /* Utilities.swift */; };
		24C7ACD01C5656D8002B203C /* WatchUtilities.swift in Sources */ = {isa = PBXBuildFile; fileRef = 24C7ACCF1C5656D8002B203C /* WatchUtilities.swift */; };
		24D210331C79EE2F00F69478 /* CurrentStreakInterfaceController.swift in Sources */ = {isa = PBXBuildFile; fileRef = 24D210321C79EE2F00F69478 /* CurrentStreakInterfaceController.swift */; };
		24D67C851C3EB54600A33DB7 /* AverageTotalTableViewCell.swift in Sources */ = {isa = PBXBuildFile; fileRef = 24D67C841C3EB54600A33DB7 /* AverageTotalTableViewCell.swift */; };
		24D82C2F1C5A5D880095FA47 /* ChartTableViewCell.swift in Sources */ = {isa = PBXBuildFile; fileRef = 24D82C2E1C5A5D880095FA47 /* ChartTableViewCell.swift */; };
		24D8E3DC1C54FC4F005BA35B /* TodayKit.framework in Frameworks */ = {isa = PBXBuildFile; fileRef = 24C6C1A51C54F9970041C31F /* TodayKit.framework */; };
		24D8E3DD1C54FC4F005BA35B /* TodayKit.framework in Embed Frameworks */ = {isa = PBXBuildFile; fileRef = 24C6C1A51C54F9970041C31F /* TodayKit.framework */; settings = {ATTRIBUTES = (CodeSignOnCopy, RemoveHeadersOnCopy, ); }; };
		24F0E01B1C8B3FA40062F872 /* DeviceKit.swift in Sources */ = {isa = PBXBuildFile; fileRef = 24F0E01A1C8B3FA40062F872 /* DeviceKit.swift */; };
		24F21AB11C4FCFE900396A38 /* NotificationCenter.framework in Frameworks */ = {isa = PBXBuildFile; fileRef = 24F21AB01C4FCFE900396A38 /* NotificationCenter.framework */; };
		24F21AB41C4FCFE900396A38 /* TodayExtensionViewController.swift in Sources */ = {isa = PBXBuildFile; fileRef = 24F21AB31C4FCFE900396A38 /* TodayExtensionViewController.swift */; };
		24F21AB71C4FCFE900396A38 /* MainInterface.storyboard in Resources */ = {isa = PBXBuildFile; fileRef = 24F21AB51C4FCFE900396A38 /* MainInterface.storyboard */; };
		24F21ABB1C4FCFE900396A38 /* Today Today Extension.appex in Embed App Extensions */ = {isa = PBXBuildFile; fileRef = 24F21AAF1C4FCFE900396A38 /* Today Today Extension.appex */; settings = {ATTRIBUTES = (RemoveHeadersOnCopy, ); }; };
		24F21AC51C4FD73C00396A38 /* Interface.storyboard in Resources */ = {isa = PBXBuildFile; fileRef = 24F21AC31C4FD73C00396A38 /* Interface.storyboard */; };
		24F21AC71C4FD73C00396A38 /* Assets.xcassets in Resources */ = {isa = PBXBuildFile; fileRef = 24F21AC61C4FD73C00396A38 /* Assets.xcassets */; };
		24F21ACE1C4FD73C00396A38 /* Today Watch Extension.appex in Embed App Extensions */ = {isa = PBXBuildFile; fileRef = 24F21ACD1C4FD73C00396A38 /* Today Watch Extension.appex */; settings = {ATTRIBUTES = (RemoveHeadersOnCopy, ); }; };
		24F21AD51C4FD73C00396A38 /* ScoreInterfaceController.swift in Sources */ = {isa = PBXBuildFile; fileRef = 24F21AD41C4FD73C00396A38 /* ScoreInterfaceController.swift */; };
		24F21AD71C4FD73C00396A38 /* ExtensionDelegate.swift in Sources */ = {isa = PBXBuildFile; fileRef = 24F21AD61C4FD73C00396A38 /* ExtensionDelegate.swift */; };
		24F21AE11C4FD73C00396A38 /* Today Watch App.app in Embed Watch Content */ = {isa = PBXBuildFile; fileRef = 24F21AC11C4FD73C00396A38 /* Today Watch App.app */; };
		24FE134D1C7F42FF00A573B8 /* ICloudRegistable.swift in Sources */ = {isa = PBXBuildFile; fileRef = 242DD1171C74BFFA00A8A760 /* ICloudRegistable.swift */; };
		24FE134F1C7F49A700A573B8 /* TodayWCSessionHandler.swift in Sources */ = {isa = PBXBuildFile; fileRef = 24FE134E1C7F49A700A573B8 /* TodayWCSessionHandler.swift */; };
		24FE13511C7F4AAF00A573B8 /* DelegateHandler.swift in Sources */ = {isa = PBXBuildFile; fileRef = 24FE13501C7F4AAF00A573B8 /* DelegateHandler.swift */; };
		24FE13531C7F573300A573B8 /* ManagedObjectType+iOS.swift in Sources */ = {isa = PBXBuildFile; fileRef = 24FE13521C7F573300A573B8 /* ManagedObjectType+iOS.swift */; };
		24FE71311C3FFB8700A14B9D /* PickerTableViewCell.swift in Sources */ = {isa = PBXBuildFile; fileRef = 24FE71301C3FFB8700A14B9D /* PickerTableViewCell.swift */; };
		24FFBB971C3D6AFA0053E261 /* SettingTableViewController.swift in Sources */ = {isa = PBXBuildFile; fileRef = 24FFBB961C3D6AFA0053E261 /* SettingTableViewController.swift */; };
		24FFBB991C3D7AE50053E261 /* ActivityTableViewController.swift in Sources */ = {isa = PBXBuildFile; fileRef = 24FFBB981C3D7AE50053E261 /* ActivityTableViewController.swift */; };
/* End PBXBuildFile section */

/* Begin PBXContainerItemProxy section */
		24030AF81C1C821C004E68ED /* PBXContainerItemProxy */ = {
			isa = PBXContainerItemProxy;
			containerPortal = 24030AD81C1C821C004E68ED /* Project object */;
			proxyType = 1;
			remoteGlobalIDString = 24030ADF1C1C821C004E68ED;
			remoteInfo = Today;
		};
		2463EBB61CC67B130082AA19 /* PBXContainerItemProxy */ = {
			isa = PBXContainerItemProxy;
			containerPortal = 24030AD81C1C821C004E68ED /* Project object */;
			proxyType = 1;
			remoteGlobalIDString = 24030ADF1C1C821C004E68ED;
			remoteInfo = Today;
		};
		24A487F31C5503C50015DB05 /* PBXContainerItemProxy */ = {
			isa = PBXContainerItemProxy;
			containerPortal = 24030AD81C1C821C004E68ED /* Project object */;
			proxyType = 1;
			remoteGlobalIDString = 24A487ED1C5503C50015DB05;
			remoteInfo = "TodayKit (watchOS)";
		};
		24C6C1B01C54F9970041C31F /* PBXContainerItemProxy */ = {
			isa = PBXContainerItemProxy;
			containerPortal = 24030AD81C1C821C004E68ED /* Project object */;
			proxyType = 1;
			remoteGlobalIDString = 24C6C1A41C54F9970041C31F;
			remoteInfo = TodayKit;
		};
		24C6C1B21C54F9970041C31F /* PBXContainerItemProxy */ = {
			isa = PBXContainerItemProxy;
			containerPortal = 24030AD81C1C821C004E68ED /* Project object */;
			proxyType = 1;
			remoteGlobalIDString = 24030ADF1C1C821C004E68ED;
			remoteInfo = Today;
		};
		24D8E3DE1C54FC50005BA35B /* PBXContainerItemProxy */ = {
			isa = PBXContainerItemProxy;
			containerPortal = 24030AD81C1C821C004E68ED /* Project object */;
			proxyType = 1;
			remoteGlobalIDString = 24C6C1A41C54F9970041C31F;
			remoteInfo = TodayKit;
		};
		24F21AB91C4FCFE900396A38 /* PBXContainerItemProxy */ = {
			isa = PBXContainerItemProxy;
			containerPortal = 24030AD81C1C821C004E68ED /* Project object */;
			proxyType = 1;
			remoteGlobalIDString = 24F21AAE1C4FCFE900396A38;
			remoteInfo = TodayExtension;
		};
		24F21ACF1C4FD73C00396A38 /* PBXContainerItemProxy */ = {
			isa = PBXContainerItemProxy;
			containerPortal = 24030AD81C1C821C004E68ED /* Project object */;
			proxyType = 1;
			remoteGlobalIDString = 24F21ACC1C4FD73C00396A38;
			remoteInfo = "TodayWatch Extension";
		};
		24F21ADF1C4FD73C00396A38 /* PBXContainerItemProxy */ = {
			isa = PBXContainerItemProxy;
			containerPortal = 24030AD81C1C821C004E68ED /* Project object */;
			proxyType = 1;
			remoteGlobalIDString = 24F21AC01C4FD73C00396A38;
			remoteInfo = TodayWatch;
		};
/* End PBXContainerItemProxy section */

/* Begin PBXCopyFilesBuildPhase section */
		2451ED851C54FDFC00E7181B /* Embed Frameworks */ = {
			isa = PBXCopyFilesBuildPhase;
			buildActionMask = 2147483647;
			dstPath = "";
			dstSubfolderSpec = 10;
			files = (
				24A487F61C5503C50015DB05 /* TodayWatchKit.framework in Embed Frameworks */,
			);
			name = "Embed Frameworks";
			runOnlyForDeploymentPostprocessing = 0;
		};
		246688111C1D187A00C5E5A0 /* Embed Frameworks */ = {
			isa = PBXCopyFilesBuildPhase;
			buildActionMask = 2147483647;
			dstPath = "";
			dstSubfolderSpec = 10;
			files = (
				24D8E3DD1C54FC4F005BA35B /* TodayKit.framework in Embed Frameworks */,
			);
			name = "Embed Frameworks";
			runOnlyForDeploymentPostprocessing = 0;
		};
		246688231C1D189F00C5E5A0 /* Embed App Extensions */ = {
			isa = PBXCopyFilesBuildPhase;
			buildActionMask = 2147483647;
			dstPath = "";
			dstSubfolderSpec = 13;
			files = (
				24F21ABB1C4FCFE900396A38 /* Today Today Extension.appex in Embed App Extensions */,
			);
			name = "Embed App Extensions";
			runOnlyForDeploymentPostprocessing = 0;
		};
		24F21AE51C4FD73E00396A38 /* Embed App Extensions */ = {
			isa = PBXCopyFilesBuildPhase;
			buildActionMask = 2147483647;
			dstPath = "";
			dstSubfolderSpec = 13;
			files = (
				24F21ACE1C4FD73C00396A38 /* Today Watch Extension.appex in Embed App Extensions */,
			);
			name = "Embed App Extensions";
			runOnlyForDeploymentPostprocessing = 0;
		};
		24F21AE91C4FD73E00396A38 /* Embed Watch Content */ = {
			isa = PBXCopyFilesBuildPhase;
			buildActionMask = 2147483647;
			dstPath = "$(CONTENTS_FOLDER_PATH)/Watch";
			dstSubfolderSpec = 16;
			files = (
				24F21AE11C4FD73C00396A38 /* Today Watch App.app in Embed Watch Content */,
			);
			name = "Embed Watch Content";
			runOnlyForDeploymentPostprocessing = 0;
		};
/* End PBXCopyFilesBuildPhase section */

/* Begin PBXFileReference section */
		2401ACC91C63854100E0691F /* ChartData.swift */ = {isa = PBXFileReference; fileEncoding = 4; lastKnownFileType = sourcecode.swift; path = ChartData.swift; sourceTree = "<group>"; };
		24030AE01C1C821C004E68ED /* Today.app */ = {isa = PBXFileReference; explicitFileType = wrapper.application; includeInIndex = 0; path = Today.app; sourceTree = BUILT_PRODUCTS_DIR; };
		24030AE31C1C821C004E68ED /* AppDelegate.swift */ = {isa = PBXFileReference; lastKnownFileType = sourcecode.swift; path = AppDelegate.swift; sourceTree = "<group>"; };
		24030AE81C1C821C004E68ED /* Base */ = {isa = PBXFileReference; lastKnownFileType = file.storyboard; name = Base; path = Base.lproj/Main.storyboard; sourceTree = "<group>"; };
		24030AED1C1C821C004E68ED /* Assets.xcassets */ = {isa = PBXFileReference; lastKnownFileType = folder.assetcatalog; path = Assets.xcassets; sourceTree = "<group>"; };
		24030AF01C1C821C004E68ED /* Base */ = {isa = PBXFileReference; lastKnownFileType = file.storyboard; name = Base; path = Base.lproj/LaunchScreen.storyboard; sourceTree = "<group>"; };
		24030AF21C1C821C004E68ED /* Info.plist */ = {isa = PBXFileReference; lastKnownFileType = text.plist.xml; path = Info.plist; sourceTree = "<group>"; };
		24030AF71C1C821C004E68ED /* TodayTests.xctest */ = {isa = PBXFileReference; explicitFileType = wrapper.cfbundle; includeInIndex = 0; path = TodayTests.xctest; sourceTree = BUILT_PRODUCTS_DIR; };
		24030AFD1C1C821C004E68ED /* Info.plist */ = {isa = PBXFileReference; lastKnownFileType = text.plist.xml; path = Info.plist; sourceTree = "<group>"; };
		24095BD51C7C92F800CC970E /* AppGroupSharedData.swift */ = {isa = PBXFileReference; fileEncoding = 4; lastKnownFileType = sourcecode.swift; path = AppGroupSharedData.swift; sourceTree = "<group>"; };
		240F14741C2A9CDE0003B2AF /* CoreDataManager.swift */ = {isa = PBXFileReference; fileEncoding = 4; lastKnownFileType = sourcecode.swift; path = CoreDataManager.swift; sourceTree = "<group>"; };
		240F14771C2A9FD40003B2AF /* ManagedObjectContextSettable.swift */ = {isa = PBXFileReference; fileEncoding = 4; lastKnownFileType = sourcecode.swift; path = ManagedObjectContextSettable.swift; sourceTree = "<group>"; };
		240F147D1C2ABC000003B2AF /* SegueHandlerType.swift */ = {isa = PBXFileReference; fileEncoding = 4; lastKnownFileType = sourcecode.swift; path = SegueHandlerType.swift; sourceTree = "<group>"; };
		241D65AE1C7B43AC00938CE8 /* TodayExtensionTodayTableViewCell.swift */ = {isa = PBXFileReference; fileEncoding = 4; lastKnownFileType = sourcecode.swift; path = TodayExtensionTodayTableViewCell.swift; sourceTree = "<group>"; };
		2425BBA81C5E3A0E008AD9A4 /* StreakTableViewCell.swift */ = {isa = PBXFileReference; fileEncoding = 4; lastKnownFileType = sourcecode.swift; path = StreakTableViewCell.swift; sourceTree = "<group>"; };
		242D5A6E1C7374C500789616 /* Identifiable.swift */ = {isa = PBXFileReference; fileEncoding = 4; lastKnownFileType = sourcecode.swift; path = Identifiable.swift; sourceTree = "<group>"; };
		242DD1171C74BFFA00A8A760 /* ICloudRegistable.swift */ = {isa = PBXFileReference; fileEncoding = 4; lastKnownFileType = sourcecode.swift; path = ICloudRegistable.swift; sourceTree = "<group>"; };
		242F984A1C49282200DBC64B /* NotificationManager.swift */ = {isa = PBXFileReference; fileEncoding = 4; lastKnownFileType = sourcecode.swift; path = NotificationManager.swift; sourceTree = "<group>"; };
		2437C7D41CC527DD004F5C27 /* TodayDataTests.swift */ = {isa = PBXFileReference; fileEncoding = 4; lastKnownFileType = sourcecode.swift; path = TodayDataTests.swift; sourceTree = "<group>"; };
		243CC6EE1CC5393900E41407 /* Today+iOS.swift */ = {isa = PBXFileReference; fileEncoding = 4; lastKnownFileType = sourcecode.swift; path = "Today+iOS.swift"; sourceTree = "<group>"; };
		243CC6F01CC53A3400E41407 /* Streak+iOS.swift */ = {isa = PBXFileReference; fileEncoding = 4; lastKnownFileType = sourcecode.swift; path = "Streak+iOS.swift"; sourceTree = "<group>"; };
		24444A591C306B4B00DC1579 /* NSManagedObjectContext+Extensions.swift */ = {isa = PBXFileReference; fileEncoding = 4; lastKnownFileType = sourcecode.swift; path = "NSManagedObjectContext+Extensions.swift"; sourceTree = "<group>"; };
		24444A5D1C30A02A00DC1579 /* AddTodayViewController.swift */ = {isa = PBXFileReference; fileEncoding = 4; lastKnownFileType = sourcecode.swift; path = AddTodayViewController.swift; sourceTree = "<group>"; };
		244631441C3AB8BA002BBD06 /* PaddingLabel.swift */ = {isa = PBXFileReference; fileEncoding = 4; lastKnownFileType = sourcecode.swift; path = PaddingLabel.swift; sourceTree = "<group>"; };
		244B21341C84A31E00E6D6E1 /* ja */ = {isa = PBXFileReference; lastKnownFileType = text.plist.strings; name = ja; path = ja.lproj/Interface.strings; sourceTree = "<group>"; };
		244B21351C84A31E00E6D6E1 /* ja */ = {isa = PBXFileReference; lastKnownFileType = text.plist.strings; name = ja; path = ja.lproj/MainInterface.strings; sourceTree = "<group>"; };
		244B21361C84A31E00E6D6E1 /* ja */ = {isa = PBXFileReference; lastKnownFileType = text.plist.strings; name = ja; path = ja.lproj/Activity.strings; sourceTree = "<group>"; };
		244B21371C84A31E00E6D6E1 /* ja */ = {isa = PBXFileReference; lastKnownFileType = text.plist.strings; name = ja; path = ja.lproj/LaunchScreen.strings; sourceTree = "<group>"; };
		244B21381C84A31E00E6D6E1 /* ja */ = {isa = PBXFileReference; lastKnownFileType = text.plist.strings; name = ja; path = ja.lproj/Main.strings; sourceTree = "<group>"; };
		244B21391C84A31E00E6D6E1 /* ja */ = {isa = PBXFileReference; lastKnownFileType = text.plist.strings; name = ja; path = ja.lproj/Today.strings; sourceTree = "<group>"; };
		244B9A761C7B5910004AF2DC /* Assets.xcassets */ = {isa = PBXFileReference; lastKnownFileType = folder.assetcatalog; path = Assets.xcassets; sourceTree = "<group>"; };
		244BF08F1C623DF600A9543A /* ChartViewDataSource.swift */ = {isa = PBXFileReference; fileEncoding = 4; lastKnownFileType = sourcecode.swift; path = ChartViewDataSource.swift; sourceTree = "<group>"; };
		244BF0941C624EF400A9543A /* ChartViewBase.swift */ = {isa = PBXFileReference; fileEncoding = 4; lastKnownFileType = sourcecode.swift; path = ChartViewBase.swift; sourceTree = "<group>"; };
		245464661C75FFEF0030EF82 /* WatchConnectivityActionType.swift */ = {isa = PBXFileReference; fileEncoding = 4; lastKnownFileType = sourcecode.swift; path = WatchConnectivityActionType.swift; sourceTree = "<group>"; };
		24561EA61C6F77D500022222 /* GetStartedViewController.swift */ = {isa = PBXFileReference; fileEncoding = 4; lastKnownFileType = sourcecode.swift; path = GetStartedViewController.swift; sourceTree = "<group>"; };
		245FA6661CBFDA1700A8ABEC /* TodayKitIOSTests.swift */ = {isa = PBXFileReference; fileEncoding = 4; lastKnownFileType = sourcecode.swift; path = TodayKitIOSTests.swift; sourceTree = "<group>"; };
		245FA6781CBFE92A00A8ABEC /* TodayHelperTests.swift */ = {isa = PBXFileReference; fileEncoding = 4; lastKnownFileType = sourcecode.swift; path = TodayHelperTests.swift; sourceTree = "<group>"; };
		246214BF1CC2739200009053 /* Settings.bundle */ = {isa = PBXFileReference; lastKnownFileType = "wrapper.plug-in"; path = Settings.bundle; sourceTree = "<group>"; };
		2463EBB11CC67B130082AA19 /* TodayUITests.xctest */ = {isa = PBXFileReference; explicitFileType = wrapper.cfbundle; includeInIndex = 0; path = TodayUITests.xctest; sourceTree = BUILT_PRODUCTS_DIR; };
		2463EBB31CC67B130082AA19 /* TodayUITests.swift */ = {isa = PBXFileReference; lastKnownFileType = sourcecode.swift; path = TodayUITests.swift; sourceTree = "<group>"; };
		2463EBB51CC67B130082AA19 /* Info.plist */ = {isa = PBXFileReference; lastKnownFileType = text.plist.xml; path = Info.plist; sourceTree = "<group>"; };
		2463EBBB1CC67CCB0082AA19 /* TodayFirstLaunchUITests.swift */ = {isa = PBXFileReference; fileEncoding = 4; lastKnownFileType = sourcecode.swift; path = TodayFirstLaunchUITests.swift; sourceTree = "<group>"; };
		2466884E1C1DB45E00C5E5A0 /* Base */ = {isa = PBXFileReference; lastKnownFileType = file.storyboard; name = Base; path = Base.lproj/Activity.storyboard; sourceTree = "<group>"; };
		246688501C1DB4ED00C5E5A0 /* TodaysTableViewController.swift */ = {isa = PBXFileReference; fileEncoding = 4; lastKnownFileType = sourcecode.swift; path = TodaysTableViewController.swift; sourceTree = "<group>"; };
		246688551C1DB61100C5E5A0 /* Base */ = {isa = PBXFileReference; lastKnownFileType = file.storyboard; name = Base; path = Base.lproj/Today.storyboard; sourceTree = "<group>"; };
		246AC1801C5120FF0047AAE7 /* AddTodayInterfaceController.swift */ = {isa = PBXFileReference; fileEncoding = 4; lastKnownFileType = sourcecode.swift; path = AddTodayInterfaceController.swift; sourceTree = "<group>"; };
		24732F4A1C5E4F8600655994 /* ScoreChartView.swift */ = {isa = PBXFileReference; fileEncoding = 4; lastKnownFileType = sourcecode.swift; path = ScoreChartView.swift; sourceTree = "<group>"; };
		247363BC1CB5582E007F68C7 /* TodayKitModelTests.swift */ = {isa = PBXFileReference; fileEncoding = 4; lastKnownFileType = sourcecode.swift; path = TodayKitModelTests.swift; sourceTree = "<group>"; };
		2488C7081C6F686D00EF8F45 /* BorderButton.swift */ = {isa = PBXFileReference; fileEncoding = 4; lastKnownFileType = sourcecode.swift; path = BorderButton.swift; sourceTree = "<group>"; };
		248DD1321C87289D00BF2400 /* Base */ = {isa = PBXFileReference; lastKnownFileType = file.storyboard; name = Base; path = Base.lproj/GetStarted.storyboard; sourceTree = "<group>"; };
		248DD1351C8728A200BF2400 /* ja */ = {isa = PBXFileReference; lastKnownFileType = text.plist.strings; name = ja; path = ja.lproj/GetStarted.strings; sourceTree = "<group>"; };
		248DD1361C872D2600BF2400 /* WatchIdentifiable.swift */ = {isa = PBXFileReference; fileEncoding = 4; lastKnownFileType = sourcecode.swift; path = WatchIdentifiable.swift; sourceTree = "<group>"; };
		24A1CFE01C36D8FA00F0E9CE /* ScoreCircleView.swift */ = {isa = PBXFileReference; fileEncoding = 4; lastKnownFileType = sourcecode.swift; path = ScoreCircleView.swift; sourceTree = "<group>"; };
		24A39AD91C89C9C800DE0090 /* WatchData.swift */ = {isa = PBXFileReference; fileEncoding = 4; lastKnownFileType = sourcecode.swift; path = WatchData.swift; sourceTree = "<group>"; };
		24A487EE1C5503C50015DB05 /* TodayWatchKit.framework */ = {isa = PBXFileReference; explicitFileType = wrapper.framework; includeInIndex = 0; path = TodayWatchKit.framework; sourceTree = BUILT_PRODUCTS_DIR; };
		24A487F21C5503C50015DB05 /* Info.plist */ = {isa = PBXFileReference; lastKnownFileType = text.plist.xml; path = Info.plist; sourceTree = "<group>"; };
		24A9E9781C6CBDE700739226 /* Today Today Extension.entitlements */ = {isa = PBXFileReference; lastKnownFileType = text.xml; path = "Today Today Extension.entitlements"; sourceTree = "<group>"; };
		24B744EB1C873531000E0FFC /* Base */ = {isa = PBXFileReference; lastKnownFileType = text.plist.strings; name = Base; path = Base.lproj/Localizable.strings; sourceTree = "<group>"; };
		24B744EC1C8735B5000E0FFC /* ja */ = {isa = PBXFileReference; lastKnownFileType = text.plist.strings; name = ja; path = ja.lproj/Localizable.strings; sourceTree = "<group>"; };
		24B744F01C873882000E0FFC /* Base */ = {isa = PBXFileReference; lastKnownFileType = text.plist.strings; name = Base; path = Base.lproj/Localizable.strings; sourceTree = "<group>"; };
		24B744F21C873883000E0FFC /* ja */ = {isa = PBXFileReference; lastKnownFileType = text.plist.strings; name = ja; path = ja.lproj/Localizable.strings; sourceTree = "<group>"; };
		24C6AE961C2831660048C4D1 /* TodayTableViewCell.swift */ = {isa = PBXFileReference; fileEncoding = 4; lastKnownFileType = sourcecode.swift; path = TodayTableViewCell.swift; sourceTree = "<group>"; };
		24C6C1A51C54F9970041C31F /* TodayKit.framework */ = {isa = PBXFileReference; explicitFileType = wrapper.framework; includeInIndex = 0; path = TodayKit.framework; sourceTree = BUILT_PRODUCTS_DIR; };
		24C6C1A91C54F9970041C31F /* Info.plist */ = {isa = PBXFileReference; lastKnownFileType = text.plist.xml; path = Info.plist; sourceTree = "<group>"; };
		24C6C1AE1C54F9970041C31F /* TodayKitTests.xctest */ = {isa = PBXFileReference; explicitFileType = wrapper.cfbundle; includeInIndex = 0; path = TodayKitTests.xctest; sourceTree = BUILT_PRODUCTS_DIR; };
		24C6C1B51C54F9970041C31F /* TodayKitHelperTests.swift */ = {isa = PBXFileReference; lastKnownFileType = sourcecode.swift; path = TodayKitHelperTests.swift; sourceTree = "<group>"; };
		24C6C1B71C54F9970041C31F /* Info.plist */ = {isa = PBXFileReference; lastKnownFileType = text.plist.xml; path = Info.plist; sourceTree = "<group>"; };
		24C77EA11C2A8B6C00493C13 /* ManagedObject.swift */ = {isa = PBXFileReference; fileEncoding = 4; lastKnownFileType = sourcecode.swift; path = ManagedObject.swift; sourceTree = "<group>"; };
		24C77EA51C2A8C3400493C13 /* Today.xcdatamodel */ = {isa = PBXFileReference; lastKnownFileType = wrapper.xcdatamodel; path = Today.xcdatamodel; sourceTree = "<group>"; };
		24C77EA81C2A8C6F00493C13 /* Today.swift */ = {isa = PBXFileReference; fileEncoding = 4; lastKnownFileType = sourcecode.swift; path = Today.swift; sourceTree = "<group>"; };
		24C77EAD1C2A937600493C13 /* Today.entitlements */ = {isa = PBXFileReference; lastKnownFileType = text.xml; path = Today.entitlements; sourceTree = "<group>"; };
		24C7ACCF1C5656D8002B203C /* WatchUtilities.swift */ = {isa = PBXFileReference; fileEncoding = 4; lastKnownFileType = sourcecode.swift; path = WatchUtilities.swift; sourceTree = "<group>"; };
		24D210321C79EE2F00F69478 /* CurrentStreakInterfaceController.swift */ = {isa = PBXFileReference; fileEncoding = 4; lastKnownFileType = sourcecode.swift; path = CurrentStreakInterfaceController.swift; sourceTree = "<group>"; };
		24D4E3461C43E1D900F6DA6A /* Setting.plist */ = {isa = PBXFileReference; fileEncoding = 4; lastKnownFileType = text.plist.xml; path = Setting.plist; sourceTree = "<group>"; };
		24D67C841C3EB54600A33DB7 /* AverageTotalTableViewCell.swift */ = {isa = PBXFileReference; fileEncoding = 4; lastKnownFileType = sourcecode.swift; path = AverageTotalTableViewCell.swift; sourceTree = "<group>"; };
		24D82C2E1C5A5D880095FA47 /* ChartTableViewCell.swift */ = {isa = PBXFileReference; fileEncoding = 4; lastKnownFileType = sourcecode.swift; path = ChartTableViewCell.swift; sourceTree = "<group>"; };
		24DBB5901C2C367100E1C042 /* Utilities.swift */ = {isa = PBXFileReference; fileEncoding = 4; lastKnownFileType = sourcecode.swift; path = Utilities.swift; sourceTree = "<group>"; };
		24E538D81C49E22900B781D8 /* Streak.swift */ = {isa = PBXFileReference; fileEncoding = 4; lastKnownFileType = sourcecode.swift; path = Streak.swift; sourceTree = "<group>"; };
		24F0E01A1C8B3FA40062F872 /* DeviceKit.swift */ = {isa = PBXFileReference; fileEncoding = 4; lastKnownFileType = sourcecode.swift; path = DeviceKit.swift; sourceTree = "<group>"; };
		24F21AAF1C4FCFE900396A38 /* Today Today Extension.appex */ = {isa = PBXFileReference; explicitFileType = "wrapper.app-extension"; includeInIndex = 0; path = "Today Today Extension.appex"; sourceTree = BUILT_PRODUCTS_DIR; };
		24F21AB01C4FCFE900396A38 /* NotificationCenter.framework */ = {isa = PBXFileReference; lastKnownFileType = wrapper.framework; name = NotificationCenter.framework; path = System/Library/Frameworks/NotificationCenter.framework; sourceTree = SDKROOT; };
		24F21AB31C4FCFE900396A38 /* TodayExtensionViewController.swift */ = {isa = PBXFileReference; lastKnownFileType = sourcecode.swift; path = TodayExtensionViewController.swift; sourceTree = "<group>"; };
		24F21AB61C4FCFE900396A38 /* Base */ = {isa = PBXFileReference; lastKnownFileType = file.storyboard; name = Base; path = Base.lproj/MainInterface.storyboard; sourceTree = "<group>"; };
		24F21AB81C4FCFE900396A38 /* Info.plist */ = {isa = PBXFileReference; lastKnownFileType = text.plist.xml; path = Info.plist; sourceTree = "<group>"; };
		24F21AC11C4FD73C00396A38 /* Today Watch App.app */ = {isa = PBXFileReference; explicitFileType = wrapper.application; includeInIndex = 0; path = "Today Watch App.app"; sourceTree = BUILT_PRODUCTS_DIR; };
		24F21AC41C4FD73C00396A38 /* Base */ = {isa = PBXFileReference; lastKnownFileType = file.storyboard; name = Base; path = Base.lproj/Interface.storyboard; sourceTree = "<group>"; };
		24F21AC61C4FD73C00396A38 /* Assets.xcassets */ = {isa = PBXFileReference; lastKnownFileType = folder.assetcatalog; path = Assets.xcassets; sourceTree = "<group>"; };
		24F21AC81C4FD73C00396A38 /* Info.plist */ = {isa = PBXFileReference; lastKnownFileType = text.plist.xml; path = Info.plist; sourceTree = "<group>"; };
		24F21ACD1C4FD73C00396A38 /* Today Watch Extension.appex */ = {isa = PBXFileReference; explicitFileType = "wrapper.app-extension"; includeInIndex = 0; path = "Today Watch Extension.appex"; sourceTree = BUILT_PRODUCTS_DIR; };
		24F21AD31C4FD73C00396A38 /* PushNotificationPayload.apns */ = {isa = PBXFileReference; lastKnownFileType = text; path = PushNotificationPayload.apns; sourceTree = "<group>"; };
		24F21AD41C4FD73C00396A38 /* ScoreInterfaceController.swift */ = {isa = PBXFileReference; lastKnownFileType = sourcecode.swift; path = ScoreInterfaceController.swift; sourceTree = "<group>"; };
		24F21AD61C4FD73C00396A38 /* ExtensionDelegate.swift */ = {isa = PBXFileReference; lastKnownFileType = sourcecode.swift; path = ExtensionDelegate.swift; sourceTree = "<group>"; };
		24F21ADE1C4FD73C00396A38 /* Info.plist */ = {isa = PBXFileReference; lastKnownFileType = text.plist.xml; path = Info.plist; sourceTree = "<group>"; };
		24F9DC361C2EF9F9003A6427 /* DataProvider.swift */ = {isa = PBXFileReference; fileEncoding = 4; lastKnownFileType = sourcecode.swift; path = DataProvider.swift; sourceTree = "<group>"; };
		24F9DC381C2EFAC5003A6427 /* DataSource.swift */ = {isa = PBXFileReference; fileEncoding = 4; lastKnownFileType = sourcecode.swift; path = DataSource.swift; sourceTree = "<group>"; };
		24F9DC3A1C2EFB0F003A6427 /* FetchedResultsDataProvider.swift */ = {isa = PBXFileReference; fileEncoding = 4; lastKnownFileType = sourcecode.swift; path = FetchedResultsDataProvider.swift; sourceTree = "<group>"; };
		24F9DC3C1C2EFCD4003A6427 /* TableViewDataSource.swift */ = {isa = PBXFileReference; fileEncoding = 4; lastKnownFileType = sourcecode.swift; path = TableViewDataSource.swift; sourceTree = "<group>"; };
		24F9DC3E1C2EFD33003A6427 /* ConfigurableCell.swift */ = {isa = PBXFileReference; fileEncoding = 4; lastKnownFileType = sourcecode.swift; path = ConfigurableCell.swift; sourceTree = "<group>"; };
		24FE134E1C7F49A700A573B8 /* TodayWCSessionHandler.swift */ = {isa = PBXFileReference; fileEncoding = 4; lastKnownFileType = sourcecode.swift; path = TodayWCSessionHandler.swift; sourceTree = "<group>"; };
		24FE13501C7F4AAF00A573B8 /* DelegateHandler.swift */ = {isa = PBXFileReference; fileEncoding = 4; lastKnownFileType = sourcecode.swift; path = DelegateHandler.swift; sourceTree = "<group>"; };
		24FE13521C7F573300A573B8 /* ManagedObjectType+iOS.swift */ = {isa = PBXFileReference; fileEncoding = 4; lastKnownFileType = sourcecode.swift; path = "ManagedObjectType+iOS.swift"; sourceTree = "<group>"; };
		24FE71301C3FFB8700A14B9D /* PickerTableViewCell.swift */ = {isa = PBXFileReference; fileEncoding = 4; lastKnownFileType = sourcecode.swift; path = PickerTableViewCell.swift; sourceTree = "<group>"; };
		24FE71321C4245D400A14B9D /* Setting.swift */ = {isa = PBXFileReference; fileEncoding = 4; lastKnownFileType = sourcecode.swift; path = Setting.swift; sourceTree = "<group>"; };
		24FFBB961C3D6AFA0053E261 /* SettingTableViewController.swift */ = {isa = PBXFileReference; fileEncoding = 4; lastKnownFileType = sourcecode.swift; path = SettingTableViewController.swift; sourceTree = "<group>"; };
		24FFBB981C3D7AE50053E261 /* ActivityTableViewController.swift */ = {isa = PBXFileReference; fileEncoding = 4; lastKnownFileType = sourcecode.swift; path = ActivityTableViewController.swift; sourceTree = "<group>"; };
/* End PBXFileReference section */

/* Begin PBXFrameworksBuildPhase section */
		24030ADD1C1C821C004E68ED /* Frameworks */ = {
			isa = PBXFrameworksBuildPhase;
			buildActionMask = 2147483647;
			files = (
				24D8E3DC1C54FC4F005BA35B /* TodayKit.framework in Frameworks */,
			);
			runOnlyForDeploymentPostprocessing = 0;
		};
		24030AF41C1C821C004E68ED /* Frameworks */ = {
			isa = PBXFrameworksBuildPhase;
			buildActionMask = 2147483647;
			files = (
			);
			runOnlyForDeploymentPostprocessing = 0;
		};
		2463EBAE1CC67B130082AA19 /* Frameworks */ = {
			isa = PBXFrameworksBuildPhase;
			buildActionMask = 2147483647;
			files = (
			);
			runOnlyForDeploymentPostprocessing = 0;
		};
		24A487EA1C5503C50015DB05 /* Frameworks */ = {
			isa = PBXFrameworksBuildPhase;
			buildActionMask = 2147483647;
			files = (
			);
			runOnlyForDeploymentPostprocessing = 0;
		};
		24C6C1A11C54F9970041C31F /* Frameworks */ = {
			isa = PBXFrameworksBuildPhase;
			buildActionMask = 2147483647;
			files = (
			);
			runOnlyForDeploymentPostprocessing = 0;
		};
		24C6C1AB1C54F9970041C31F /* Frameworks */ = {
			isa = PBXFrameworksBuildPhase;
			buildActionMask = 2147483647;
			files = (
				24C6C1AF1C54F9970041C31F /* TodayKit.framework in Frameworks */,
			);
			runOnlyForDeploymentPostprocessing = 0;
		};
		24F21AAC1C4FCFE900396A38 /* Frameworks */ = {
			isa = PBXFrameworksBuildPhase;
			buildActionMask = 2147483647;
			files = (
				24338CF01C7BEBD9007FCAD1 /* TodayKit.framework in Frameworks */,
				24F21AB11C4FCFE900396A38 /* NotificationCenter.framework in Frameworks */,
			);
			runOnlyForDeploymentPostprocessing = 0;
		};
		24F21ACA1C4FD73C00396A38 /* Frameworks */ = {
			isa = PBXFrameworksBuildPhase;
			buildActionMask = 2147483647;
			files = (
				24A487F51C5503C50015DB05 /* TodayWatchKit.framework in Frameworks */,
			);
			runOnlyForDeploymentPostprocessing = 0;
		};
/* End PBXFrameworksBuildPhase section */

/* Begin PBXGroup section */
		24030AD71C1C821C004E68ED = {
			isa = PBXGroup;
			children = (
				246688171C1D189F00C5E5A0 /* Frameworks */,
				24030AE11C1C821C004E68ED /* Products */,
				24F21AC21C4FD73C00396A38 /* Today Watch App */,
				24030AE21C1C821C004E68ED /* Today iOS App */,
				24C6C1A61C54F9970041C31F /* TodayKit Shared Code */,
				24C6C1B41C54F9970041C31F /* TodayKitTests */,
				24030AFA1C1C821C004E68ED /* TodayTests */,
				2463EBB21CC67B130082AA19 /* TodayUITests */,
			);
			sourceTree = "<group>";
		};
		24030AE11C1C821C004E68ED /* Products */ = {
			isa = PBXGroup;
			children = (
				24030AE01C1C821C004E68ED /* Today.app */,
				24030AF71C1C821C004E68ED /* TodayTests.xctest */,
				24F21AAF1C4FCFE900396A38 /* Today Today Extension.appex */,
				24F21AC11C4FD73C00396A38 /* Today Watch App.app */,
				24F21ACD1C4FD73C00396A38 /* Today Watch Extension.appex */,
				24C6C1A51C54F9970041C31F /* TodayKit.framework */,
				24C6C1AE1C54F9970041C31F /* TodayKitTests.xctest */,
				24A487EE1C5503C50015DB05 /* TodayWatchKit.framework */,
				2463EBB11CC67B130082AA19 /* TodayUITests.xctest */,
			);
			name = Products;
			sourceTree = "<group>";
		};
		24030AE21C1C821C004E68ED /* Today iOS App */ = {
			isa = PBXGroup;
			children = (
				24F21AB21C4FCFE900396A38 /* Today Extension */,
				24A487E51C55032E0015DB05 /* Today iOS App */,
				24A487E71C5503A10015DB05 /* TodayKit iOS */,
			);
			path = "Today iOS App";
			sourceTree = "<group>";
		};
		24030AFA1C1C821C004E68ED /* TodayTests */ = {
			isa = PBXGroup;
			children = (
				24030AFD1C1C821C004E68ED /* Info.plist */,
				245FA6781CBFE92A00A8ABEC /* TodayHelperTests.swift */,
				2437C7D41CC527DD004F5C27 /* TodayDataTests.swift */,
			);
			path = TodayTests;
			sourceTree = "<group>";
		};
		240F14761C2A9FB60003B2AF /* Helper */ = {
			isa = PBXGroup;
			children = (
				24FE13501C7F4AAF00A573B8 /* DelegateHandler.swift */,
				240F14771C2A9FD40003B2AF /* ManagedObjectContextSettable.swift */,
				242F984A1C49282200DBC64B /* NotificationManager.swift */,
				24FE134E1C7F49A700A573B8 /* TodayWCSessionHandler.swift */,
			);
			name = Helper;
			sourceTree = "<group>";
		};
		2463EBB21CC67B130082AA19 /* TodayUITests */ = {
			isa = PBXGroup;
			children = (
				2463EBB31CC67B130082AA19 /* TodayUITests.swift */,
				2463EBB51CC67B130082AA19 /* Info.plist */,
				2463EBBB1CC67CCB0082AA19 /* TodayFirstLaunchUITests.swift */,
			);
			path = TodayUITests;
			sourceTree = "<group>";
		};
		246688171C1D189F00C5E5A0 /* Frameworks */ = {
			isa = PBXGroup;
			children = (
				24F21AB01C4FCFE900396A38 /* NotificationCenter.framework */,
			);
			name = Frameworks;
			sourceTree = "<group>";
		};
		246688591C1EFC3E00C5E5A0 /* Controller */ = {
			isa = PBXGroup;
			children = (
				24FFBB981C3D7AE50053E261 /* ActivityTableViewController.swift */,
				24444A5D1C30A02A00DC1579 /* AddTodayViewController.swift */,
				24561EA61C6F77D500022222 /* GetStartedViewController.swift */,
				24FFBB961C3D6AFA0053E261 /* SettingTableViewController.swift */,
				246688501C1DB4ED00C5E5A0 /* TodaysTableViewController.swift */,
			);
			name = Controller;
			sourceTree = "<group>";
		};
		2466885A1C1EFC5600C5E5A0 /* View */ = {
			isa = PBXGroup;
			children = (
				2466884D1C1DB45E00C5E5A0 /* Activity.storyboard */,
				24D67C841C3EB54600A33DB7 /* AverageTotalTableViewCell.swift */,
				2488C7081C6F686D00EF8F45 /* BorderButton.swift */,
				24D82C2E1C5A5D880095FA47 /* ChartTableViewCell.swift */,
				244BF0941C624EF400A9543A /* ChartViewBase.swift */,
				248DD1331C87289D00BF2400 /* GetStarted.storyboard */,
				24030AEF1C1C821C004E68ED /* LaunchScreen.storyboard */,
				24030AE71C1C821C004E68ED /* Main.storyboard */,
				244631441C3AB8BA002BBD06 /* PaddingLabel.swift */,
				24FE71301C3FFB8700A14B9D /* PickerTableViewCell.swift */,
				24732F4A1C5E4F8600655994 /* ScoreChartView.swift */,
				24A1CFE01C36D8FA00F0E9CE /* ScoreCircleView.swift */,
				2425BBA81C5E3A0E008AD9A4 /* StreakTableViewCell.swift */,
				24C6AE961C2831660048C4D1 /* TodayTableViewCell.swift */,
				246688541C1DB61100C5E5A0 /* Today.storyboard */,
			);
			name = View;
			sourceTree = "<group>";
		};
		24A487E51C55032E0015DB05 /* Today iOS App */ = {
			isa = PBXGroup;
			children = (
				246688591C1EFC3E00C5E5A0 /* Controller */,
				24F9DC351C2EF9E6003A6427 /* Data Source and Provider */,
				240F14761C2A9FB60003B2AF /* Helper */,
				2466885A1C1EFC5600C5E5A0 /* View */,
				24030AE31C1C821C004E68ED /* AppDelegate.swift */,
				24030AED1C1C821C004E68ED /* Assets.xcassets */,
				24030AF21C1C821C004E68ED /* Info.plist */,
				24C77EAD1C2A937600493C13 /* Today.entitlements */,
				24B744EA1C873528000E0FFC /* Localizable.strings */,
				246214BF1CC2739200009053 /* Settings.bundle */,
			);
			path = "Today iOS App";
			sourceTree = "<group>";
		};
		24A487E61C5503600015DB05 /* Today Watch App */ = {
			isa = PBXGroup;
			children = (
				24F21AC61C4FD73C00396A38 /* Assets.xcassets */,
				24F21AC81C4FD73C00396A38 /* Info.plist */,
				24F21AC31C4FD73C00396A38 /* Interface.storyboard */,
			);
			path = "Today Watch App";
			sourceTree = "<group>";
		};
		24A487E71C5503A10015DB05 /* TodayKit iOS */ = {
			isa = PBXGroup;
			children = (
				24095BD51C7C92F800CC970E /* AppGroupSharedData.swift */,
				24F9DC3E1C2EFD33003A6427 /* ConfigurableCell.swift */,
				240F14741C2A9CDE0003B2AF /* CoreDataManager.swift */,
				242D5A6E1C7374C500789616 /* Identifiable.swift */,
				24C6C1A91C54F9970041C31F /* Info.plist */,
				24FE13521C7F573300A573B8 /* ManagedObjectType+iOS.swift */,
				24444A591C306B4B00DC1579 /* NSManagedObjectContext+Extensions.swift */,
				240F147D1C2ABC000003B2AF /* SegueHandlerType.swift */,
				242DD1171C74BFFA00A8A760 /* ICloudRegistable.swift */,
				24D4E3461C43E1D900F6DA6A /* Setting.plist */,
				24FE71321C4245D400A14B9D /* Setting.swift */,
				24F0E01A1C8B3FA40062F872 /* DeviceKit.swift */,
				243CC6EE1CC5393900E41407 /* Today+iOS.swift */,
				243CC6F01CC53A3400E41407 /* Streak+iOS.swift */,
			);
			path = "TodayKit iOS";
			sourceTree = "<group>";
		};
		24A487E81C5503AD0015DB05 /* TodayKit watchOS */ = {
			isa = PBXGroup;
			children = (
				24A487F21C5503C50015DB05 /* Info.plist */,
				24C7ACCF1C5656D8002B203C /* WatchUtilities.swift */,
				248DD1361C872D2600BF2400 /* WatchIdentifiable.swift */,
				24A39AD91C89C9C800DE0090 /* WatchData.swift */,
			);
			path = "TodayKit watchOS";
			sourceTree = "<group>";
		};
		24C6C1A61C54F9970041C31F /* TodayKit Shared Code */ = {
			isa = PBXGroup;
			children = (
				24C77EA31C2A8BF000493C13 /* Helper */,
				24C77EA71C2A8C5F00493C13 /* Model */,
			);
			path = "TodayKit Shared Code";
			sourceTree = "<group>";
		};
		24C6C1B41C54F9970041C31F /* TodayKitTests */ = {
			isa = PBXGroup;
			children = (
				24C6C1B71C54F9970041C31F /* Info.plist */,
				24C6C1B51C54F9970041C31F /* TodayKitHelperTests.swift */,
				247363BC1CB5582E007F68C7 /* TodayKitModelTests.swift */,
				245FA6661CBFDA1700A8ABEC /* TodayKitIOSTests.swift */,
			);
			path = TodayKitTests;
			sourceTree = "<group>";
		};
		24C77EA31C2A8BF000493C13 /* Helper */ = {
			isa = PBXGroup;
			children = (
				24C77EA11C2A8B6C00493C13 /* ManagedObject.swift */,
				24DBB5901C2C367100E1C042 /* Utilities.swift */,
				245464661C75FFEF0030EF82 /* WatchConnectivityActionType.swift */,
			);
			name = Helper;
			sourceTree = "<group>";
		};
		24C77EA71C2A8C5F00493C13 /* Model */ = {
			isa = PBXGroup;
			children = (
				24E538D81C49E22900B781D8 /* Streak.swift */,
				24C77EA81C2A8C6F00493C13 /* Today.swift */,
				24C77EA41C2A8C3400493C13 /* Today.xcdatamodeld */,
			);
			name = Model;
			sourceTree = "<group>";
		};
		24F21AB21C4FCFE900396A38 /* Today Extension */ = {
			isa = PBXGroup;
			children = (
				244B9A761C7B5910004AF2DC /* Assets.xcassets */,
				24F21AB81C4FCFE900396A38 /* Info.plist */,
				24F21AB51C4FCFE900396A38 /* MainInterface.storyboard */,
				24A9E9781C6CBDE700739226 /* Today Today Extension.entitlements */,
				241D65AE1C7B43AC00938CE8 /* TodayExtensionTodayTableViewCell.swift */,
				24F21AB31C4FCFE900396A38 /* TodayExtensionViewController.swift */,
				24B744F11C873882000E0FFC /* Localizable.strings */,
			);
			path = "Today Extension";
			sourceTree = "<group>";
		};
		24F21AC21C4FD73C00396A38 /* Today Watch App */ = {
			isa = PBXGroup;
			children = (
				24A487E61C5503600015DB05 /* Today Watch App */,
				24F21AD11C4FD73C00396A38 /* Today Watch Extension */,
				24A487E81C5503AD0015DB05 /* TodayKit watchOS */,
			);
			path = "Today Watch App";
			sourceTree = "<group>";
		};
		24F21AD11C4FD73C00396A38 /* Today Watch Extension */ = {
			isa = PBXGroup;
			children = (
				24F21AD21C4FD73C00396A38 /* Supporting Files */,
				246AC1801C5120FF0047AAE7 /* AddTodayInterfaceController.swift */,
				24D210321C79EE2F00F69478 /* CurrentStreakInterfaceController.swift */,
				24F21AD61C4FD73C00396A38 /* ExtensionDelegate.swift */,
				24F21ADE1C4FD73C00396A38 /* Info.plist */,
				24F21AD41C4FD73C00396A38 /* ScoreInterfaceController.swift */,
			);
			path = "Today Watch Extension";
			sourceTree = "<group>";
		};
		24F21AD21C4FD73C00396A38 /* Supporting Files */ = {
			isa = PBXGroup;
			children = (
				24F21AD31C4FD73C00396A38 /* PushNotificationPayload.apns */,
			);
			path = "Supporting Files";
			sourceTree = "<group>";
		};
		24F9DC351C2EF9E6003A6427 /* Data Source and Provider */ = {
			isa = PBXGroup;
			children = (
				2401ACC91C63854100E0691F /* ChartData.swift */,
				244BF08F1C623DF600A9543A /* ChartViewDataSource.swift */,
				24F9DC361C2EF9F9003A6427 /* DataProvider.swift */,
				24F9DC381C2EFAC5003A6427 /* DataSource.swift */,
				24F9DC3A1C2EFB0F003A6427 /* FetchedResultsDataProvider.swift */,
				24F9DC3C1C2EFCD4003A6427 /* TableViewDataSource.swift */,
			);
			name = "Data Source and Provider";
			sourceTree = "<group>";
		};
/* End PBXGroup section */

/* Begin PBXHeadersBuildPhase section */
		24A487EB1C5503C50015DB05 /* Headers */ = {
			isa = PBXHeadersBuildPhase;
			buildActionMask = 2147483647;
			files = (
			);
			runOnlyForDeploymentPostprocessing = 0;
		};
		24C6C1A21C54F9970041C31F /* Headers */ = {
			isa = PBXHeadersBuildPhase;
			buildActionMask = 2147483647;
			files = (
			);
			runOnlyForDeploymentPostprocessing = 0;
		};
/* End PBXHeadersBuildPhase section */

/* Begin PBXNativeTarget section */
		24030ADF1C1C821C004E68ED /* Today */ = {
			isa = PBXNativeTarget;
			buildConfigurationList = 24030B0B1C1C821C004E68ED /* Build configuration list for PBXNativeTarget "Today" */;
			buildPhases = (
				24030ADC1C1C821C004E68ED /* Sources */,
				24030ADD1C1C821C004E68ED /* Frameworks */,
				24030ADE1C1C821C004E68ED /* Resources */,
				246688111C1D187A00C5E5A0 /* Embed Frameworks */,
				246688231C1D189F00C5E5A0 /* Embed App Extensions */,
				24F21AE91C4FD73E00396A38 /* Embed Watch Content */,
				240B06301C4D2E3B00C7C0B5 /* SwiftLint */,
				249E98A91C8B1192002D8939 /* Increment Build */,
			);
			buildRules = (
			);
			dependencies = (
				24F21ABA1C4FCFE900396A38 /* PBXTargetDependency */,
				24F21AE01C4FD73C00396A38 /* PBXTargetDependency */,
				24D8E3DF1C54FC50005BA35B /* PBXTargetDependency */,
			);
			name = Today;
			productName = Today;
			productReference = 24030AE01C1C821C004E68ED /* Today.app */;
			productType = "com.apple.product-type.application";
		};
		24030AF61C1C821C004E68ED /* TodayTests */ = {
			isa = PBXNativeTarget;
			buildConfigurationList = 24030B0E1C1C821C004E68ED /* Build configuration list for PBXNativeTarget "TodayTests" */;
			buildPhases = (
				24030AF31C1C821C004E68ED /* Sources */,
				24030AF41C1C821C004E68ED /* Frameworks */,
				24030AF51C1C821C004E68ED /* Resources */,
			);
			buildRules = (
			);
			dependencies = (
				24030AF91C1C821C004E68ED /* PBXTargetDependency */,
			);
			name = TodayTests;
			productName = TodayTests;
			productReference = 24030AF71C1C821C004E68ED /* TodayTests.xctest */;
			productType = "com.apple.product-type.bundle.unit-test";
		};
		2463EBB01CC67B130082AA19 /* TodayUITests */ = {
			isa = PBXNativeTarget;
			buildConfigurationList = 2463EBB81CC67B130082AA19 /* Build configuration list for PBXNativeTarget "TodayUITests" */;
			buildPhases = (
				2463EBAD1CC67B130082AA19 /* Sources */,
				2463EBAE1CC67B130082AA19 /* Frameworks */,
				2463EBAF1CC67B130082AA19 /* Resources */,
			);
			buildRules = (
			);
			dependencies = (
				2463EBB71CC67B130082AA19 /* PBXTargetDependency */,
			);
			name = TodayUITests;
			productName = TodayUITests;
			productReference = 2463EBB11CC67B130082AA19 /* TodayUITests.xctest */;
			productType = "com.apple.product-type.bundle.ui-testing";
		};
		24A487ED1C5503C50015DB05 /* TodayKit (watchOS) */ = {
			isa = PBXNativeTarget;
			buildConfigurationList = 24A487F71C5503C50015DB05 /* Build configuration list for PBXNativeTarget "TodayKit (watchOS)" */;
			buildPhases = (
				24A487E91C5503C50015DB05 /* Sources */,
				24A487EA1C5503C50015DB05 /* Frameworks */,
				24A487EB1C5503C50015DB05 /* Headers */,
				24A487EC1C5503C50015DB05 /* Resources */,
			);
			buildRules = (
			);
			dependencies = (
			);
			name = "TodayKit (watchOS)";
			productName = "TodayKit (watchOS)";
			productReference = 24A487EE1C5503C50015DB05 /* TodayWatchKit.framework */;
			productType = "com.apple.product-type.framework";
		};
		24C6C1A41C54F9970041C31F /* TodayKit */ = {
			isa = PBXNativeTarget;
			buildConfigurationList = 24C6C1BC1C54F99A0041C31F /* Build configuration list for PBXNativeTarget "TodayKit" */;
			buildPhases = (
				24C6C1A01C54F9970041C31F /* Sources */,
				24C6C1A11C54F9970041C31F /* Frameworks */,
				24C6C1A21C54F9970041C31F /* Headers */,
				24C6C1A31C54F9970041C31F /* Resources */,
			);
			buildRules = (
			);
			dependencies = (
			);
			name = TodayKit;
			productName = TodayKit;
			productReference = 24C6C1A51C54F9970041C31F /* TodayKit.framework */;
			productType = "com.apple.product-type.framework";
		};
		24C6C1AD1C54F9970041C31F /* TodayKitTests */ = {
			isa = PBXNativeTarget;
			buildConfigurationList = 24C6C1BF1C54F99A0041C31F /* Build configuration list for PBXNativeTarget "TodayKitTests" */;
			buildPhases = (
				24C6C1AA1C54F9970041C31F /* Sources */,
				24C6C1AB1C54F9970041C31F /* Frameworks */,
				24C6C1AC1C54F9970041C31F /* Resources */,
			);
			buildRules = (
			);
			dependencies = (
				24C6C1B11C54F9970041C31F /* PBXTargetDependency */,
				24C6C1B31C54F9970041C31F /* PBXTargetDependency */,
			);
			name = TodayKitTests;
			productName = TodayKitTests;
			productReference = 24C6C1AE1C54F9970041C31F /* TodayKitTests.xctest */;
			productType = "com.apple.product-type.bundle.unit-test";
		};
		24F21AAE1C4FCFE900396A38 /* Today Today Extension */ = {
			isa = PBXNativeTarget;
			buildConfigurationList = 24F21ABC1C4FCFEB00396A38 /* Build configuration list for PBXNativeTarget "Today Today Extension" */;
			buildPhases = (
				24F21AAB1C4FCFE900396A38 /* Sources */,
				24F21AAC1C4FCFE900396A38 /* Frameworks */,
				24F21AAD1C4FCFE900396A38 /* Resources */,
			);
			buildRules = (
			);
			dependencies = (
			);
			name = "Today Today Extension";
			productName = TodayExtension;
			productReference = 24F21AAF1C4FCFE900396A38 /* Today Today Extension.appex */;
			productType = "com.apple.product-type.app-extension";
		};
		24F21AC01C4FD73C00396A38 /* Today Watch App */ = {
			isa = PBXNativeTarget;
			buildConfigurationList = 24F21AE61C4FD73E00396A38 /* Build configuration list for PBXNativeTarget "Today Watch App" */;
			buildPhases = (
				24F21ABF1C4FD73C00396A38 /* Resources */,
				24F21AE51C4FD73E00396A38 /* Embed App Extensions */,
			);
			buildRules = (
			);
			dependencies = (
				24F21AD01C4FD73C00396A38 /* PBXTargetDependency */,
			);
			name = "Today Watch App";
			productName = TodayWatch;
			productReference = 24F21AC11C4FD73C00396A38 /* Today Watch App.app */;
			productType = "com.apple.product-type.application.watchapp2";
		};
		24F21ACC1C4FD73C00396A38 /* Today Watch Extension */ = {
			isa = PBXNativeTarget;
			buildConfigurationList = 24F21AE21C4FD73E00396A38 /* Build configuration list for PBXNativeTarget "Today Watch Extension" */;
			buildPhases = (
				24F21AC91C4FD73C00396A38 /* Sources */,
				24F21ACA1C4FD73C00396A38 /* Frameworks */,
				24F21ACB1C4FD73C00396A38 /* Resources */,
				2451ED851C54FDFC00E7181B /* Embed Frameworks */,
			);
			buildRules = (
			);
			dependencies = (
				24A487F41C5503C50015DB05 /* PBXTargetDependency */,
			);
			name = "Today Watch Extension";
			productName = "TodayWatch Extension";
			productReference = 24F21ACD1C4FD73C00396A38 /* Today Watch Extension.appex */;
			productType = "com.apple.product-type.watchkit2-extension";
		};
/* End PBXNativeTarget section */

/* Begin PBXProject section */
		24030AD81C1C821C004E68ED /* Project object */ = {
			isa = PBXProject;
			attributes = {
				LastSwiftUpdateCheck = 0730;
				LastUpgradeCheck = 0720;
				ORGANIZATIONNAME = "Masamichi Ueta";
				TargetAttributes = {
					24030ADF1C1C821C004E68ED = {
						CreatedOnToolsVersion = 7.2;
						DevelopmentTeam = A9WB53K8XM;
						SystemCapabilities = {
							com.apple.ApplicationGroups.iOS = {
								enabled = 1;
							};
							com.apple.iCloud = {
								enabled = 1;
							};
						};
					};
					24030AF61C1C821C004E68ED = {
						CreatedOnToolsVersion = 7.2;
						TestTargetID = 24030ADF1C1C821C004E68ED;
					};
					2463EBB01CC67B130082AA19 = {
						CreatedOnToolsVersion = 7.3;
						TestTargetID = 24030ADF1C1C821C004E68ED;
					};
					24A487ED1C5503C50015DB05 = {
						CreatedOnToolsVersion = 7.2;
					};
					24C6C1A41C54F9970041C31F = {
						CreatedOnToolsVersion = 7.2;
						DevelopmentTeam = A9WB53K8XM;
					};
					24C6C1AD1C54F9970041C31F = {
						CreatedOnToolsVersion = 7.2;
						TestTargetID = 24030ADF1C1C821C004E68ED;
					};
					24F21AAE1C4FCFE900396A38 = {
						CreatedOnToolsVersion = 7.2;
						DevelopmentTeam = A9WB53K8XM;
						SystemCapabilities = {
							com.apple.ApplicationGroups.iOS = {
								enabled = 1;
							};
							com.apple.iCloud = {
								enabled = 0;
							};
						};
					};
					24F21AC01C4FD73C00396A38 = {
						CreatedOnToolsVersion = 7.2;
						DevelopmentTeam = A9WB53K8XM;
					};
					24F21ACC1C4FD73C00396A38 = {
						CreatedOnToolsVersion = 7.2;
						DevelopmentTeam = A9WB53K8XM;
					};
				};
			};
			buildConfigurationList = 24030ADB1C1C821C004E68ED /* Build configuration list for PBXProject "Today" */;
			compatibilityVersion = "Xcode 3.2";
			developmentRegion = English;
			hasScannedForEncodings = 0;
			knownRegions = (
				en,
				Base,
				ja,
			);
			mainGroup = 24030AD71C1C821C004E68ED;
			productRefGroup = 24030AE11C1C821C004E68ED /* Products */;
			projectDirPath = "";
			projectRoot = "";
			targets = (
				24030ADF1C1C821C004E68ED /* Today */,
				24030AF61C1C821C004E68ED /* TodayTests */,
				24F21AAE1C4FCFE900396A38 /* Today Today Extension */,
				24F21AC01C4FD73C00396A38 /* Today Watch App */,
				24F21ACC1C4FD73C00396A38 /* Today Watch Extension */,
				24C6C1A41C54F9970041C31F /* TodayKit */,
				24C6C1AD1C54F9970041C31F /* TodayKitTests */,
				24A487ED1C5503C50015DB05 /* TodayKit (watchOS) */,
				2463EBB01CC67B130082AA19 /* TodayUITests */,
			);
		};
/* End PBXProject section */

/* Begin PBXResourcesBuildPhase section */
		24030ADE1C1C821C004E68ED /* Resources */ = {
			isa = PBXResourcesBuildPhase;
			buildActionMask = 2147483647;
			files = (
				246214C01CC2739200009053 /* Settings.bundle in Resources */,
				24030AF11C1C821C004E68ED /* LaunchScreen.storyboard in Resources */,
				24030AEE1C1C821C004E68ED /* Assets.xcassets in Resources */,
				24030AE91C1C821C004E68ED /* Main.storyboard in Resources */,
				24B744E81C873528000E0FFC /* Localizable.strings in Resources */,
				246688561C1DB61100C5E5A0 /* Today.storyboard in Resources */,
				2466884F1C1DB45E00C5E5A0 /* Activity.storyboard in Resources */,
				248DD1311C87289D00BF2400 /* GetStarted.storyboard in Resources */,
			);
			runOnlyForDeploymentPostprocessing = 0;
		};
		24030AF51C1C821C004E68ED /* Resources */ = {
			isa = PBXResourcesBuildPhase;
			buildActionMask = 2147483647;
			files = (
			);
			runOnlyForDeploymentPostprocessing = 0;
		};
		2463EBAF1CC67B130082AA19 /* Resources */ = {
			isa = PBXResourcesBuildPhase;
			buildActionMask = 2147483647;
			files = (
			);
			runOnlyForDeploymentPostprocessing = 0;
		};
		24A487EC1C5503C50015DB05 /* Resources */ = {
			isa = PBXResourcesBuildPhase;
			buildActionMask = 2147483647;
			files = (
			);
			runOnlyForDeploymentPostprocessing = 0;
		};
		24C6C1A31C54F9970041C31F /* Resources */ = {
			isa = PBXResourcesBuildPhase;
			buildActionMask = 2147483647;
			files = (
				247E4D611C54FCB800C134DB /* Setting.plist in Resources */,
			);
			runOnlyForDeploymentPostprocessing = 0;
		};
		24C6C1AC1C54F9970041C31F /* Resources */ = {
			isa = PBXResourcesBuildPhase;
			buildActionMask = 2147483647;
			files = (
			);
			runOnlyForDeploymentPostprocessing = 0;
		};
		24F21AAD1C4FCFE900396A38 /* Resources */ = {
			isa = PBXResourcesBuildPhase;
			buildActionMask = 2147483647;
			files = (
				244B9A771C7B5910004AF2DC /* Assets.xcassets in Resources */,
				24B744EF1C873882000E0FFC /* Localizable.strings in Resources */,
				24F21AB71C4FCFE900396A38 /* MainInterface.storyboard in Resources */,
			);
			runOnlyForDeploymentPostprocessing = 0;
		};
		24F21ABF1C4FD73C00396A38 /* Resources */ = {
			isa = PBXResourcesBuildPhase;
			buildActionMask = 2147483647;
			files = (
				24F21AC71C4FD73C00396A38 /* Assets.xcassets in Resources */,
				24F21AC51C4FD73C00396A38 /* Interface.storyboard in Resources */,
			);
			runOnlyForDeploymentPostprocessing = 0;
		};
		24F21ACB1C4FD73C00396A38 /* Resources */ = {
			isa = PBXResourcesBuildPhase;
			buildActionMask = 2147483647;
			files = (
			);
			runOnlyForDeploymentPostprocessing = 0;
		};
/* End PBXResourcesBuildPhase section */

/* Begin PBXShellScriptBuildPhase section */
		240B06301C4D2E3B00C7C0B5 /* SwiftLint */ = {
			isa = PBXShellScriptBuildPhase;
			buildActionMask = 2147483647;
			files = (
			);
			inputPaths = (
			);
			name = SwiftLint;
			outputPaths = (
			);
			runOnlyForDeploymentPostprocessing = 0;
			shellPath = /bin/sh;
			shellScript = "if which swiftlint >/dev/null; then\nswiftlint\nelse\necho \"SwiftLint does not exist, download from https://github.com/realm/SwiftLint\"\nfi";
		};
		249E98A91C8B1192002D8939 /* Increment Build */ = {
			isa = PBXShellScriptBuildPhase;
			buildActionMask = 2147483647;
			files = (
			);
			inputPaths = (
			);
			name = "Increment Build";
			outputPaths = (
			);
			runOnlyForDeploymentPostprocessing = 0;
			shellPath = /bin/sh;
			shellScript = "buildNumber=$(/usr/libexec/PlistBuddy -c \"Print CFBundleVersion\" \"${PROJECT_DIR}/${INFOPLIST_FILE}\")\nbuildNumber=$(($buildNumber + 1))\n/usr/libexec/PlistBuddy -c \"Set :CFBundleVersion $buildNumber\" \"${PROJECT_DIR}/${INFOPLIST_FILE}\"\n/usr/libexec/PlistBuddy -c \"Set :CFBundleVersion $buildNumber\" \"${PROJECT_DIR}/Today iOS App/Today Extension/Info.plist\"\n/usr/libexec/PlistBuddy -c \"Set :CFBundleVersion $buildNumber\" \"${PROJECT_DIR}/Today Watch App/Today Watch App/Info.plist\"\n/usr/libexec/PlistBuddy -c \"Set :CFBundleVersion $buildNumber\" \"${PROJECT_DIR}/Today Watch App/Today Watch Extension/Info.plist\"\n\nappVersion=$(/usr/libexec/PlistBuddy -c \"Print CFBundleShortVersionString\" \"${PROJECT_DIR}/${INFOPLIST_FILE}\")\n/usr/libexec/PlistBuddy -c \"Set :PreferenceSpecifiers:1:DefaultValue $appVersion.$buildNumber\" \"${PROJECT_DIR}/Today iOS App/Today iOS App/Settings.bundle/Root.plist\"";
		};
/* End PBXShellScriptBuildPhase section */

/* Begin PBXSourcesBuildPhase section */
		24030ADC1C1C821C004E68ED /* Sources */ = {
			isa = PBXSourcesBuildPhase;
			buildActionMask = 2147483647;
			files = (
				24FE13511C7F4AAF00A573B8 /* DelegateHandler.swift in Sources */,
				2435351D1C7B50570044D13A /* DataSource.swift in Sources */,
				246688511C1DB4ED00C5E5A0 /* TodaysTableViewController.swift in Sources */,
				244631451C3AB8BA002BBD06 /* PaddingLabel.swift in Sources */,
				2435351C1C7B50570044D13A /* DataProvider.swift in Sources */,
				24C6AE971C2831660048C4D1 /* TodayTableViewCell.swift in Sources */,
				24030AE41C1C821C004E68ED /* AppDelegate.swift in Sources */,
				244B9A671C7B50FA004AF2DC /* NotificationManager.swift in Sources */,
				2435351A1C7B50570044D13A /* ChartData.swift in Sources */,
				24561EA71C6F77D500022222 /* GetStartedViewController.swift in Sources */,
				24444A5E1C30A02A00DC1579 /* AddTodayViewController.swift in Sources */,
				2425BBA91C5E3A0E008AD9A4 /* StreakTableViewCell.swift in Sources */,
				2435351E1C7B50570044D13A /* FetchedResultsDataProvider.swift in Sources */,
				243535191C7B50380044D13A /* ChartViewBase.swift in Sources */,
				244B9A701C7B51F6004AF2DC /* ManagedObjectContextSettable.swift in Sources */,
				2435351B1C7B50570044D13A /* ChartViewDataSource.swift in Sources */,
				24D67C851C3EB54600A33DB7 /* AverageTotalTableViewCell.swift in Sources */,
				2435351F1C7B50570044D13A /* TableViewDataSource.swift in Sources */,
				24D82C2F1C5A5D880095FA47 /* ChartTableViewCell.swift in Sources */,
				24FFBB991C3D7AE50053E261 /* ActivityTableViewController.swift in Sources */,
				24A1CFE11C36D8FA00F0E9CE /* ScoreCircleView.swift in Sources */,
				24FFBB971C3D6AFA0053E261 /* SettingTableViewController.swift in Sources */,
				24FE71311C3FFB8700A14B9D /* PickerTableViewCell.swift in Sources */,
				24732F4B1C5E4F8600655994 /* ScoreChartView.swift in Sources */,
				24FE134F1C7F49A700A573B8 /* TodayWCSessionHandler.swift in Sources */,
				2488C7091C6F686D00EF8F45 /* BorderButton.swift in Sources */,
			);
			runOnlyForDeploymentPostprocessing = 0;
		};
		24030AF31C1C821C004E68ED /* Sources */ = {
			isa = PBXSourcesBuildPhase;
			buildActionMask = 2147483647;
			files = (
				245FA6791CBFE92A00A8ABEC /* TodayHelperTests.swift in Sources */,
				2437C7D51CC527DD004F5C27 /* TodayDataTests.swift in Sources */,
			);
			runOnlyForDeploymentPostprocessing = 0;
		};
		2463EBAD1CC67B130082AA19 /* Sources */ = {
			isa = PBXSourcesBuildPhase;
			buildActionMask = 2147483647;
			files = (
				2463EBB41CC67B130082AA19 /* TodayUITests.swift in Sources */,
				2463EBBC1CC67CCB0082AA19 /* TodayFirstLaunchUITests.swift in Sources */,
			);
			runOnlyForDeploymentPostprocessing = 0;
		};
		24A487E91C5503C50015DB05 /* Sources */ = {
			isa = PBXSourcesBuildPhase;
			buildActionMask = 2147483647;
			files = (
				24A487FC1C55054C0015DB05 /* Streak.swift in Sources */,
				24A9E9791C6CDC3F00739226 /* ManagedObject.swift in Sources */,
				245464681C75FFEF0030EF82 /* WatchConnectivityActionType.swift in Sources */,
				24A39ADA1C89C9C800DE0090 /* WatchData.swift in Sources */,
				24A488031C5505AF0015DB05 /* Utilities.swift in Sources */,
				248DD1371C872D2600BF2400 /* WatchIdentifiable.swift in Sources */,
				24C7ACD01C5656D8002B203C /* WatchUtilities.swift in Sources */,
				24A487FA1C55045D0015DB05 /* Today.swift in Sources */,
			);
			runOnlyForDeploymentPostprocessing = 0;
		};
		24C6C1A01C54F9970041C31F /* Sources */ = {
			isa = PBXSourcesBuildPhase;
			buildActionMask = 2147483647;
			files = (
				244B9A721C7B5208004AF2DC /* ConfigurableCell.swift in Sources */,
				244B9A741C7B52B3004AF2DC /* Identifiable.swift in Sources */,
				24F0E01B1C8B3FA40062F872 /* DeviceKit.swift in Sources */,
				243CC6F11CC53A3400E41407 /* Streak+iOS.swift in Sources */,
				24FE13531C7F573300A573B8 /* ManagedObjectType+iOS.swift in Sources */,
				24C6C1C71C54FA010041C31F /* CoreDataManager.swift in Sources */,
				243CC6EF1CC5393900E41407 /* Today+iOS.swift in Sources */,
				24FE134D1C7F42FF00A573B8 /* ICloudRegistable.swift in Sources */,
				24C6C1C91C54FA080041C31F /* NSManagedObjectContext+Extensions.swift in Sources */,
				24C6C1C21C54F9DB0041C31F /* Setting.swift in Sources */,
				244B9A731C7B529F004AF2DC /* SegueHandlerType.swift in Sources */,
				24C6C1C81C54FA050041C31F /* ManagedObject.swift in Sources */,
				24095BD61C7C92F800CC970E /* AppGroupSharedData.swift in Sources */,
				245464671C75FFEF0030EF82 /* WatchConnectivityActionType.swift in Sources */,
				24C6C1C51C54F9F90041C31F /* Today.swift in Sources */,
				24C6C1C41C54F9F60041C31F /* Streak.swift in Sources */,
				24C6C1CA1C54FA0A0041C31F /* Utilities.swift in Sources */,
				24C6C1C61C54F9FD0041C31F /* Today.xcdatamodeld in Sources */,
			);
			runOnlyForDeploymentPostprocessing = 0;
		};
		24C6C1AA1C54F9970041C31F /* Sources */ = {
			isa = PBXSourcesBuildPhase;
			buildActionMask = 2147483647;
			files = (
				247363BD1CB5582E007F68C7 /* TodayKitModelTests.swift in Sources */,
				245FA6671CBFDA1700A8ABEC /* TodayKitIOSTests.swift in Sources */,
				24C6C1B61C54F9970041C31F /* TodayKitHelperTests.swift in Sources */,
			);
			runOnlyForDeploymentPostprocessing = 0;
		};
		24F21AAB1C4FCFE900396A38 /* Sources */ = {
			isa = PBXSourcesBuildPhase;
			buildActionMask = 2147483647;
			files = (
				24F21AB41C4FCFE900396A38 /* TodayExtensionViewController.swift in Sources */,
				241D65AF1C7B43AC00938CE8 /* TodayExtensionTodayTableViewCell.swift in Sources */,
				241D65AC1C7B3E0E00938CE8 /* BorderButton.swift in Sources */,
			);
			runOnlyForDeploymentPostprocessing = 0;
		};
		24F21AC91C4FD73C00396A38 /* Sources */ = {
			isa = PBXSourcesBuildPhase;
			buildActionMask = 2147483647;
			files = (
				246AC1811C5120FF0047AAE7 /* AddTodayInterfaceController.swift in Sources */,
				24F21AD71C4FD73C00396A38 /* ExtensionDelegate.swift in Sources */,
				24F21AD51C4FD73C00396A38 /* ScoreInterfaceController.swift in Sources */,
				24D210331C79EE2F00F69478 /* CurrentStreakInterfaceController.swift in Sources */,
			);
			runOnlyForDeploymentPostprocessing = 0;
		};
/* End PBXSourcesBuildPhase section */

/* Begin PBXTargetDependency section */
		24030AF91C1C821C004E68ED /* PBXTargetDependency */ = {
			isa = PBXTargetDependency;
			target = 24030ADF1C1C821C004E68ED /* Today */;
			targetProxy = 24030AF81C1C821C004E68ED /* PBXContainerItemProxy */;
		};
		2463EBB71CC67B130082AA19 /* PBXTargetDependency */ = {
			isa = PBXTargetDependency;
			target = 24030ADF1C1C821C004E68ED /* Today */;
			targetProxy = 2463EBB61CC67B130082AA19 /* PBXContainerItemProxy */;
		};
		24A487F41C5503C50015DB05 /* PBXTargetDependency */ = {
			isa = PBXTargetDependency;
			target = 24A487ED1C5503C50015DB05 /* TodayKit (watchOS) */;
			targetProxy = 24A487F31C5503C50015DB05 /* PBXContainerItemProxy */;
		};
		24C6C1B11C54F9970041C31F /* PBXTargetDependency */ = {
			isa = PBXTargetDependency;
			target = 24C6C1A41C54F9970041C31F /* TodayKit */;
			targetProxy = 24C6C1B01C54F9970041C31F /* PBXContainerItemProxy */;
		};
		24C6C1B31C54F9970041C31F /* PBXTargetDependency */ = {
			isa = PBXTargetDependency;
			target = 24030ADF1C1C821C004E68ED /* Today */;
			targetProxy = 24C6C1B21C54F9970041C31F /* PBXContainerItemProxy */;
		};
		24D8E3DF1C54FC50005BA35B /* PBXTargetDependency */ = {
			isa = PBXTargetDependency;
			target = 24C6C1A41C54F9970041C31F /* TodayKit */;
			targetProxy = 24D8E3DE1C54FC50005BA35B /* PBXContainerItemProxy */;
		};
		24F21ABA1C4FCFE900396A38 /* PBXTargetDependency */ = {
			isa = PBXTargetDependency;
			target = 24F21AAE1C4FCFE900396A38 /* Today Today Extension */;
			targetProxy = 24F21AB91C4FCFE900396A38 /* PBXContainerItemProxy */;
		};
		24F21AD01C4FD73C00396A38 /* PBXTargetDependency */ = {
			isa = PBXTargetDependency;
			target = 24F21ACC1C4FD73C00396A38 /* Today Watch Extension */;
			targetProxy = 24F21ACF1C4FD73C00396A38 /* PBXContainerItemProxy */;
		};
		24F21AE01C4FD73C00396A38 /* PBXTargetDependency */ = {
			isa = PBXTargetDependency;
			target = 24F21AC01C4FD73C00396A38 /* Today Watch App */;
			targetProxy = 24F21ADF1C4FD73C00396A38 /* PBXContainerItemProxy */;
		};
/* End PBXTargetDependency section */

/* Begin PBXVariantGroup section */
		24030AE71C1C821C004E68ED /* Main.storyboard */ = {
			isa = PBXVariantGroup;
			children = (
				24030AE81C1C821C004E68ED /* Base */,
				244B21381C84A31E00E6D6E1 /* ja */,
			);
			name = Main.storyboard;
			path = .;
			sourceTree = "<group>";
		};
		24030AEF1C1C821C004E68ED /* LaunchScreen.storyboard */ = {
			isa = PBXVariantGroup;
			children = (
				24030AF01C1C821C004E68ED /* Base */,
				244B21371C84A31E00E6D6E1 /* ja */,
			);
			name = LaunchScreen.storyboard;
			path = .;
			sourceTree = "<group>";
		};
		2466884D1C1DB45E00C5E5A0 /* Activity.storyboard */ = {
			isa = PBXVariantGroup;
			children = (
				2466884E1C1DB45E00C5E5A0 /* Base */,
				244B21361C84A31E00E6D6E1 /* ja */,
			);
			name = Activity.storyboard;
			path = .;
			sourceTree = "<group>";
		};
		246688541C1DB61100C5E5A0 /* Today.storyboard */ = {
			isa = PBXVariantGroup;
			children = (
				246688551C1DB61100C5E5A0 /* Base */,
				244B21391C84A31E00E6D6E1 /* ja */,
			);
			name = Today.storyboard;
			path = .;
			sourceTree = "<group>";
		};
		248DD1331C87289D00BF2400 /* GetStarted.storyboard */ = {
			isa = PBXVariantGroup;
			children = (
				248DD1321C87289D00BF2400 /* Base */,
				248DD1351C8728A200BF2400 /* ja */,
			);
			name = GetStarted.storyboard;
			sourceTree = "<group>";
		};
		24B744EA1C873528000E0FFC /* Localizable.strings */ = {
			isa = PBXVariantGroup;
			children = (
				24B744EB1C873531000E0FFC /* Base */,
				24B744EC1C8735B5000E0FFC /* ja */,
			);
			name = Localizable.strings;
			sourceTree = "<group>";
		};
		24B744F11C873882000E0FFC /* Localizable.strings */ = {
			isa = PBXVariantGroup;
			children = (
				24B744F01C873882000E0FFC /* Base */,
				24B744F21C873883000E0FFC /* ja */,
			);
			name = Localizable.strings;
			sourceTree = "<group>";
		};
		24F21AB51C4FCFE900396A38 /* MainInterface.storyboard */ = {
			isa = PBXVariantGroup;
			children = (
				24F21AB61C4FCFE900396A38 /* Base */,
				244B21351C84A31E00E6D6E1 /* ja */,
			);
			name = MainInterface.storyboard;
			path = .;
			sourceTree = "<group>";
		};
		24F21AC31C4FD73C00396A38 /* Interface.storyboard */ = {
			isa = PBXVariantGroup;
			children = (
				24F21AC41C4FD73C00396A38 /* Base */,
				244B21341C84A31E00E6D6E1 /* ja */,
			);
			name = Interface.storyboard;
			path = .;
			sourceTree = "<group>";
		};
/* End PBXVariantGroup section */

/* Begin XCBuildConfiguration section */
		24030B091C1C821C004E68ED /* Debug */ = {
			isa = XCBuildConfiguration;
			buildSettings = {
				ALWAYS_SEARCH_USER_PATHS = NO;
				CLANG_CXX_LANGUAGE_STANDARD = "gnu++0x";
				CLANG_CXX_LIBRARY = "libc++";
				CLANG_ENABLE_MODULES = YES;
				CLANG_ENABLE_OBJC_ARC = YES;
				CLANG_WARN_BOOL_CONVERSION = YES;
				CLANG_WARN_CONSTANT_CONVERSION = YES;
				CLANG_WARN_DIRECT_OBJC_ISA_USAGE = YES_ERROR;
				CLANG_WARN_EMPTY_BODY = YES;
				CLANG_WARN_ENUM_CONVERSION = YES;
				CLANG_WARN_INT_CONVERSION = YES;
				CLANG_WARN_OBJC_ROOT_CLASS = YES_ERROR;
				CLANG_WARN_UNREACHABLE_CODE = YES;
				CLANG_WARN__DUPLICATE_METHOD_MATCH = YES;
				CODE_SIGN_IDENTITY = "iPhone Developer";
				"CODE_SIGN_IDENTITY[sdk=iphoneos*]" = "iPhone Developer";
				COPY_PHASE_STRIP = NO;
				DEBUG_INFORMATION_FORMAT = dwarf;
				ENABLE_STRICT_OBJC_MSGSEND = YES;
				ENABLE_TESTABILITY = YES;
				GCC_C_LANGUAGE_STANDARD = gnu99;
				GCC_DYNAMIC_NO_PIC = NO;
				GCC_NO_COMMON_BLOCKS = YES;
				GCC_OPTIMIZATION_LEVEL = 0;
				GCC_PREPROCESSOR_DEFINITIONS = (
					"DEBUG=1",
					"$(inherited)",
				);
				GCC_WARN_64_TO_32_BIT_CONVERSION = YES;
				GCC_WARN_ABOUT_RETURN_TYPE = YES_ERROR;
				GCC_WARN_UNDECLARED_SELECTOR = YES;
				GCC_WARN_UNINITIALIZED_AUTOS = YES_AGGRESSIVE;
				GCC_WARN_UNUSED_FUNCTION = YES;
				GCC_WARN_UNUSED_VARIABLE = YES;
				IPHONEOS_DEPLOYMENT_TARGET = 9.2;
				MTL_ENABLE_DEBUG_INFO = YES;
				ONLY_ACTIVE_ARCH = YES;
				SDKROOT = iphoneos;
				SWIFT_OPTIMIZATION_LEVEL = "-Onone";
				TARGETED_DEVICE_FAMILY = "1,2";
			};
			name = Debug;
		};
		24030B0A1C1C821C004E68ED /* Release */ = {
			isa = XCBuildConfiguration;
			buildSettings = {
				ALWAYS_SEARCH_USER_PATHS = NO;
				CLANG_CXX_LANGUAGE_STANDARD = "gnu++0x";
				CLANG_CXX_LIBRARY = "libc++";
				CLANG_ENABLE_MODULES = YES;
				CLANG_ENABLE_OBJC_ARC = YES;
				CLANG_WARN_BOOL_CONVERSION = YES;
				CLANG_WARN_CONSTANT_CONVERSION = YES;
				CLANG_WARN_DIRECT_OBJC_ISA_USAGE = YES_ERROR;
				CLANG_WARN_EMPTY_BODY = YES;
				CLANG_WARN_ENUM_CONVERSION = YES;
				CLANG_WARN_INT_CONVERSION = YES;
				CLANG_WARN_OBJC_ROOT_CLASS = YES_ERROR;
				CLANG_WARN_UNREACHABLE_CODE = YES;
				CLANG_WARN__DUPLICATE_METHOD_MATCH = YES;
				CODE_SIGN_IDENTITY = "iPhone Distribution";
				"CODE_SIGN_IDENTITY[sdk=iphoneos*]" = "iPhone Distribution";
				COPY_PHASE_STRIP = NO;
				DEBUG_INFORMATION_FORMAT = "dwarf-with-dsym";
				ENABLE_NS_ASSERTIONS = NO;
				ENABLE_STRICT_OBJC_MSGSEND = YES;
				GCC_C_LANGUAGE_STANDARD = gnu99;
				GCC_NO_COMMON_BLOCKS = YES;
				GCC_WARN_64_TO_32_BIT_CONVERSION = YES;
				GCC_WARN_ABOUT_RETURN_TYPE = YES_ERROR;
				GCC_WARN_UNDECLARED_SELECTOR = YES;
				GCC_WARN_UNINITIALIZED_AUTOS = YES_AGGRESSIVE;
				GCC_WARN_UNUSED_FUNCTION = YES;
				GCC_WARN_UNUSED_VARIABLE = YES;
				IPHONEOS_DEPLOYMENT_TARGET = 9.2;
				MTL_ENABLE_DEBUG_INFO = NO;
				SDKROOT = iphoneos;
				TARGETED_DEVICE_FAMILY = "1,2";
				VALIDATE_PRODUCT = YES;
			};
			name = Release;
		};
		24030B0C1C1C821C004E68ED /* Debug */ = {
			isa = XCBuildConfiguration;
			buildSettings = {
				ASSETCATALOG_COMPILER_APPICON_NAME = app_icon;
				CODE_SIGN_ENTITLEMENTS = "Today iOS App/Today iOS App/Today.entitlements";
				CODE_SIGN_IDENTITY = "iPhone Developer";
				"CODE_SIGN_IDENTITY[sdk=iphoneos*]" = "iPhone Developer";
				DEBUG_INFORMATION_FORMAT = dwarf;
				EMBEDDED_CONTENT_CONTAINS_SWIFT = YES;
				FRAMEWORK_SEARCH_PATHS = "$(inherited)";
				INFOPLIST_FILE = "Today iOS App/Today iOS App/Info.plist";
				LD_RUNPATH_SEARCH_PATHS = "$(inherited) @executable_path/Frameworks";
				OTHER_SWIFT_FLAGS = "-D DEBUG";
				PRODUCT_BUNDLE_IDENTIFIER = com.uetamasamichi.Today;
				PRODUCT_NAME = "$(TARGET_NAME)";
				PROVISIONING_PROFILE = "";
			};
			name = Debug;
		};
		24030B0D1C1C821C004E68ED /* Release */ = {
			isa = XCBuildConfiguration;
			buildSettings = {
				ASSETCATALOG_COMPILER_APPICON_NAME = app_icon;
				CODE_SIGN_ENTITLEMENTS = "Today iOS App/Today iOS App/Today.entitlements";
				CODE_SIGN_IDENTITY = "iPhone Distribution";
				"CODE_SIGN_IDENTITY[sdk=iphoneos*]" = "iPhone Distribution";
				EMBEDDED_CONTENT_CONTAINS_SWIFT = YES;
				FRAMEWORK_SEARCH_PATHS = "$(inherited)";
				INFOPLIST_FILE = "Today iOS App/Today iOS App/Info.plist";
				LD_RUNPATH_SEARCH_PATHS = "$(inherited) @executable_path/Frameworks";
				PRODUCT_BUNDLE_IDENTIFIER = com.uetamasamichi.Today;
				PRODUCT_NAME = "$(TARGET_NAME)";
				PROVISIONING_PROFILE = "";
			};
			name = Release;
		};
		24030B0F1C1C821C004E68ED /* Debug */ = {
			isa = XCBuildConfiguration;
			buildSettings = {
				BUNDLE_LOADER = "$(TEST_HOST)";
				INFOPLIST_FILE = TodayTests/Info.plist;
				LD_RUNPATH_SEARCH_PATHS = "$(inherited) @executable_path/Frameworks @loader_path/Frameworks";
				PRODUCT_BUNDLE_IDENTIFIER = com.uetamasamichi.TodayTests;
				PRODUCT_NAME = "$(TARGET_NAME)";
				TEST_HOST = "$(BUILT_PRODUCTS_DIR)/Today.app/Today";
			};
			name = Debug;
		};
		24030B101C1C821C004E68ED /* Release */ = {
			isa = XCBuildConfiguration;
			buildSettings = {
				BUNDLE_LOADER = "$(TEST_HOST)";
				INFOPLIST_FILE = TodayTests/Info.plist;
				LD_RUNPATH_SEARCH_PATHS = "$(inherited) @executable_path/Frameworks @loader_path/Frameworks";
				PRODUCT_BUNDLE_IDENTIFIER = com.uetamasamichi.TodayTests;
				PRODUCT_NAME = "$(TARGET_NAME)";
				TEST_HOST = "$(BUILT_PRODUCTS_DIR)/Today.app/Today";
			};
			name = Release;
		};
		2463EBB91CC67B130082AA19 /* Debug */ = {
			isa = XCBuildConfiguration;
			buildSettings = {
				CLANG_ANALYZER_NONNULL = YES;
				EMBEDDED_CONTENT_CONTAINS_SWIFT = NO;
				INFOPLIST_FILE = TodayUITests/Info.plist;
				IPHONEOS_DEPLOYMENT_TARGET = 9.3;
				LD_RUNPATH_SEARCH_PATHS = "$(inherited) @executable_path/Frameworks @loader_path/Frameworks";
				PRODUCT_BUNDLE_IDENTIFIER = com.uetamasamichi.TodayUITests;
				PRODUCT_NAME = "$(TARGET_NAME)";
				TEST_TARGET_NAME = Today;
			};
			name = Debug;
		};
		2463EBBA1CC67B130082AA19 /* Release */ = {
			isa = XCBuildConfiguration;
			buildSettings = {
				CLANG_ANALYZER_NONNULL = YES;
				"CODE_SIGN_IDENTITY[sdk=iphoneos*]" = "iPhone Developer";
				EMBEDDED_CONTENT_CONTAINS_SWIFT = NO;
				INFOPLIST_FILE = TodayUITests/Info.plist;
				IPHONEOS_DEPLOYMENT_TARGET = 9.3;
				LD_RUNPATH_SEARCH_PATHS = "$(inherited) @executable_path/Frameworks @loader_path/Frameworks";
				PRODUCT_BUNDLE_IDENTIFIER = com.uetamasamichi.TodayUITests;
				PRODUCT_NAME = "$(TARGET_NAME)";
				TEST_TARGET_NAME = Today;
			};
			name = Release;
		};
		24A487F81C5503C50015DB05 /* Debug */ = {
			isa = XCBuildConfiguration;
			buildSettings = {
				APPLICATION_EXTENSION_API_ONLY = YES;
				CODE_SIGN_IDENTITY = "iPhone Developer";
				CURRENT_PROJECT_VERSION = 1;
				DEFINES_MODULE = YES;
				DYLIB_COMPATIBILITY_VERSION = 1;
				DYLIB_CURRENT_VERSION = 1;
				DYLIB_INSTALL_NAME_BASE = "@rpath";
				EMBEDDED_CONTENT_CONTAINS_SWIFT = NO;
				INFOPLIST_FILE = "Today Watch App/TodayKit watchOS/Info.plist";
				INSTALL_PATH = "$(LOCAL_LIBRARY_DIR)/Frameworks";
				LD_RUNPATH_SEARCH_PATHS = "$(inherited) @executable_path/Frameworks @loader_path/Frameworks";
				PRODUCT_BUNDLE_IDENTIFIER = "com.uetamasamichi.TodayKit--watchOS-";
				PRODUCT_NAME = TodayWatchKit;
				SDKROOT = watchos;
				SKIP_INSTALL = YES;
				TARGETED_DEVICE_FAMILY = 4;
				VERSIONING_SYSTEM = "apple-generic";
				VERSION_INFO_PREFIX = "";
				WATCHOS_DEPLOYMENT_TARGET = 2.1;
			};
			name = Debug;
		};
		24A487F91C5503C50015DB05 /* Release */ = {
			isa = XCBuildConfiguration;
			buildSettings = {
				APPLICATION_EXTENSION_API_ONLY = YES;
				CODE_SIGN_IDENTITY = "iPhone Distribution";
				CURRENT_PROJECT_VERSION = 1;
				DEFINES_MODULE = YES;
				DYLIB_COMPATIBILITY_VERSION = 1;
				DYLIB_CURRENT_VERSION = 1;
				DYLIB_INSTALL_NAME_BASE = "@rpath";
				EMBEDDED_CONTENT_CONTAINS_SWIFT = NO;
				INFOPLIST_FILE = "Today Watch App/TodayKit watchOS/Info.plist";
				INSTALL_PATH = "$(LOCAL_LIBRARY_DIR)/Frameworks";
				LD_RUNPATH_SEARCH_PATHS = "$(inherited) @executable_path/Frameworks @loader_path/Frameworks";
				PRODUCT_BUNDLE_IDENTIFIER = "com.uetamasamichi.TodayKit--watchOS-";
				PRODUCT_NAME = TodayWatchKit;
				SDKROOT = watchos;
				SKIP_INSTALL = YES;
				TARGETED_DEVICE_FAMILY = 4;
				VERSIONING_SYSTEM = "apple-generic";
				VERSION_INFO_PREFIX = "";
				WATCHOS_DEPLOYMENT_TARGET = 2.1;
			};
			name = Release;
		};
		24C6C1BD1C54F99A0041C31F /* Debug */ = {
			isa = XCBuildConfiguration;
			buildSettings = {
				APPLICATION_EXTENSION_API_ONLY = YES;
				CODE_SIGN_IDENTITY = "iPhone Developer";
				"CODE_SIGN_IDENTITY[sdk=iphoneos*]" = "iPhone Developer";
				CURRENT_PROJECT_VERSION = 1;
				DEFINES_MODULE = YES;
				DYLIB_COMPATIBILITY_VERSION = 1;
				DYLIB_CURRENT_VERSION = 1;
				DYLIB_INSTALL_NAME_BASE = "@rpath";
				EMBEDDED_CONTENT_CONTAINS_SWIFT = YES;
				FRAMEWORK_SEARCH_PATHS = "$(inherited)";
				INFOPLIST_FILE = "Today iOS App/TodayKit iOS/Info.plist";
				INSTALL_PATH = "$(LOCAL_LIBRARY_DIR)/Frameworks";
				LD_RUNPATH_SEARCH_PATHS = "$(inherited) @executable_path/Frameworks @loader_path/Frameworks";
				PRODUCT_BUNDLE_IDENTIFIER = com.uetamasamichi.TodayKit;
				PRODUCT_NAME = "$(TARGET_NAME)";
				SKIP_INSTALL = YES;
				VERSIONING_SYSTEM = "apple-generic";
				VERSION_INFO_PREFIX = "";
			};
			name = Debug;
		};
		24C6C1BE1C54F99A0041C31F /* Release */ = {
			isa = XCBuildConfiguration;
			buildSettings = {
				APPLICATION_EXTENSION_API_ONLY = YES;
				CODE_SIGN_IDENTITY = "iPhone Distribution";
				"CODE_SIGN_IDENTITY[sdk=iphoneos*]" = "iPhone Distribution";
				CURRENT_PROJECT_VERSION = 1;
				DEFINES_MODULE = YES;
				DYLIB_COMPATIBILITY_VERSION = 1;
				DYLIB_CURRENT_VERSION = 1;
				DYLIB_INSTALL_NAME_BASE = "@rpath";
				EMBEDDED_CONTENT_CONTAINS_SWIFT = YES;
				FRAMEWORK_SEARCH_PATHS = "$(inherited)";
				INFOPLIST_FILE = "Today iOS App/TodayKit iOS/Info.plist";
				INSTALL_PATH = "$(LOCAL_LIBRARY_DIR)/Frameworks";
				LD_RUNPATH_SEARCH_PATHS = "$(inherited) @executable_path/Frameworks @loader_path/Frameworks";
				PRODUCT_BUNDLE_IDENTIFIER = com.uetamasamichi.TodayKit;
				PRODUCT_NAME = "$(TARGET_NAME)";
				SKIP_INSTALL = YES;
				VERSIONING_SYSTEM = "apple-generic";
				VERSION_INFO_PREFIX = "";
			};
			name = Release;
		};
		24C6C1C01C54F99A0041C31F /* Debug */ = {
			isa = XCBuildConfiguration;
			buildSettings = {
				INFOPLIST_FILE = TodayKitTests/Info.plist;
				LD_RUNPATH_SEARCH_PATHS = "$(inherited) @executable_path/Frameworks @loader_path/Frameworks";
				PRODUCT_BUNDLE_IDENTIFIER = com.uetamasamichi.TodayKitTests;
				PRODUCT_NAME = "$(TARGET_NAME)";
				TEST_HOST = "$(BUILT_PRODUCTS_DIR)/Today.app/Today";
			};
			name = Debug;
		};
		24C6C1C11C54F99A0041C31F /* Release */ = {
			isa = XCBuildConfiguration;
			buildSettings = {
				INFOPLIST_FILE = TodayKitTests/Info.plist;
				LD_RUNPATH_SEARCH_PATHS = "$(inherited) @executable_path/Frameworks @loader_path/Frameworks";
				PRODUCT_BUNDLE_IDENTIFIER = com.uetamasamichi.TodayKitTests;
				PRODUCT_NAME = "$(TARGET_NAME)";
				TEST_HOST = "$(BUILT_PRODUCTS_DIR)/Today.app/Today";
			};
			name = Release;
		};
		24F21ABD1C4FCFEB00396A38 /* Debug */ = {
			isa = XCBuildConfiguration;
			buildSettings = {
				CODE_SIGN_ENTITLEMENTS = "Today iOS App/Today Extension/Today Today Extension.entitlements";
				CODE_SIGN_IDENTITY = "iPhone Developer";
				"CODE_SIGN_IDENTITY[sdk=iphoneos*]" = "iPhone Developer";
				INFOPLIST_FILE = "Today iOS App/Today Extension/Info.plist";
				LD_RUNPATH_SEARCH_PATHS = "$(inherited) @executable_path/Frameworks @executable_path/../../Frameworks";
				PRODUCT_BUNDLE_IDENTIFIER = com.uetamasamichi.Today.TodayExtension;
				PRODUCT_NAME = "$(TARGET_NAME)";
				PROVISIONING_PROFILE = "";
				SKIP_INSTALL = YES;
			};
			name = Debug;
		};
		24F21ABE1C4FCFEB00396A38 /* Release */ = {
			isa = XCBuildConfiguration;
			buildSettings = {
				CODE_SIGN_ENTITLEMENTS = "Today iOS App/Today Extension/Today Today Extension.entitlements";
				CODE_SIGN_IDENTITY = "iPhone Distribution";
				"CODE_SIGN_IDENTITY[sdk=iphoneos*]" = "iPhone Distribution";
				INFOPLIST_FILE = "Today iOS App/Today Extension/Info.plist";
				LD_RUNPATH_SEARCH_PATHS = "$(inherited) @executable_path/Frameworks @executable_path/../../Frameworks";
				PRODUCT_BUNDLE_IDENTIFIER = com.uetamasamichi.Today.TodayExtension;
				PRODUCT_NAME = "$(TARGET_NAME)";
				PROVISIONING_PROFILE = "";
				SKIP_INSTALL = YES;
			};
			name = Release;
		};
		24F21AE31C4FD73E00396A38 /* Debug */ = {
			isa = XCBuildConfiguration;
			buildSettings = {
				CODE_SIGN_IDENTITY = "iPhone Developer";
				EMBEDDED_CONTENT_CONTAINS_SWIFT = NO;
				FRAMEWORK_SEARCH_PATHS = "$(inherited)";
				INFOPLIST_FILE = "Today Watch App/Today Watch Extension/Info.plist";
				LD_RUNPATH_SEARCH_PATHS = "$(inherited) @executable_path/Frameworks @executable_path/../../Frameworks";
				PRODUCT_BUNDLE_IDENTIFIER = com.uetamasamichi.Today.watchkitapp.watchkitextension;
				PRODUCT_NAME = "${TARGET_NAME}";
				SDKROOT = watchos;
				SKIP_INSTALL = YES;
				TARGETED_DEVICE_FAMILY = 4;
				WATCHOS_DEPLOYMENT_TARGET = 2.1;
			};
			name = Debug;
		};
		24F21AE41C4FD73E00396A38 /* Release */ = {
			isa = XCBuildConfiguration;
			buildSettings = {
				CODE_SIGN_IDENTITY = "iPhone Distribution";
				EMBEDDED_CONTENT_CONTAINS_SWIFT = NO;
				FRAMEWORK_SEARCH_PATHS = "$(inherited)";
				INFOPLIST_FILE = "Today Watch App/Today Watch Extension/Info.plist";
				LD_RUNPATH_SEARCH_PATHS = "$(inherited) @executable_path/Frameworks @executable_path/../../Frameworks";
				PRODUCT_BUNDLE_IDENTIFIER = com.uetamasamichi.Today.watchkitapp.watchkitextension;
				PRODUCT_NAME = "${TARGET_NAME}";
				SDKROOT = watchos;
				SKIP_INSTALL = YES;
				TARGETED_DEVICE_FAMILY = 4;
				WATCHOS_DEPLOYMENT_TARGET = 2.1;
			};
			name = Release;
		};
		24F21AE71C4FD73E00396A38 /* Debug */ = {
			isa = XCBuildConfiguration;
			buildSettings = {
				ASSETCATALOG_COMPILER_APPICON_NAME = watch_app_icon;
				CODE_SIGN_IDENTITY = "iPhone Developer";
				"CODE_SIGN_IDENTITY[sdk=iphoneos*]" = "iPhone Developer";
				EMBEDDED_CONTENT_CONTAINS_SWIFT = NO;
				IBSC_MODULE = TodayWatch_Extension;
				INFOPLIST_FILE = "Today Watch App/Today Watch App/Info.plist";
				PRODUCT_BUNDLE_IDENTIFIER = com.uetamasamichi.Today.watchkitapp;
				PRODUCT_NAME = "$(TARGET_NAME)";
				SDKROOT = watchos;
				SKIP_INSTALL = YES;
				TARGETED_DEVICE_FAMILY = 4;
				WATCHOS_DEPLOYMENT_TARGET = 2.1;
			};
			name = Debug;
		};
		24F21AE81C4FD73E00396A38 /* Release */ = {
			isa = XCBuildConfiguration;
			buildSettings = {
				ASSETCATALOG_COMPILER_APPICON_NAME = watch_app_icon;
				CODE_SIGN_IDENTITY = "iPhone Distribution";
				"CODE_SIGN_IDENTITY[sdk=iphoneos*]" = "iPhone Distribution";
				EMBEDDED_CONTENT_CONTAINS_SWIFT = NO;
				IBSC_MODULE = TodayWatch_Extension;
				INFOPLIST_FILE = "Today Watch App/Today Watch App/Info.plist";
				PRODUCT_BUNDLE_IDENTIFIER = com.uetamasamichi.Today.watchkitapp;
				PRODUCT_NAME = "$(TARGET_NAME)";
				SDKROOT = watchos;
				SKIP_INSTALL = YES;
				TARGETED_DEVICE_FAMILY = 4;
				WATCHOS_DEPLOYMENT_TARGET = 2.1;
			};
			name = Release;
		};
/* End XCBuildConfiguration section */

/* Begin XCConfigurationList section */
		24030ADB1C1C821C004E68ED /* Build configuration list for PBXProject "Today" */ = {
			isa = XCConfigurationList;
			buildConfigurations = (
				24030B091C1C821C004E68ED /* Debug */,
				24030B0A1C1C821C004E68ED /* Release */,
			);
			defaultConfigurationIsVisible = 0;
			defaultConfigurationName = Release;
		};
		24030B0B1C1C821C004E68ED /* Build configuration list for PBXNativeTarget "Today" */ = {
			isa = XCConfigurationList;
			buildConfigurations = (
				24030B0C1C1C821C004E68ED /* Debug */,
				24030B0D1C1C821C004E68ED /* Release */,
			);
			defaultConfigurationIsVisible = 0;
			defaultConfigurationName = Release;
		};
		24030B0E1C1C821C004E68ED /* Build configuration list for PBXNativeTarget "TodayTests" */ = {
			isa = XCConfigurationList;
			buildConfigurations = (
				24030B0F1C1C821C004E68ED /* Debug */,
				24030B101C1C821C004E68ED /* Release */,
			);
			defaultConfigurationIsVisible = 0;
			defaultConfigurationName = Release;
		};
		2463EBB81CC67B130082AA19 /* Build configuration list for PBXNativeTarget "TodayUITests" */ = {
			isa = XCConfigurationList;
			buildConfigurations = (
				2463EBB91CC67B130082AA19 /* Debug */,
				2463EBBA1CC67B130082AA19 /* Release */,
			);
			defaultConfigurationIsVisible = 0;
			defaultConfigurationName = Release;
		};
		24A487F71C5503C50015DB05 /* Build configuration list for PBXNativeTarget "TodayKit (watchOS)" */ = {
			isa = XCConfigurationList;
			buildConfigurations = (
				24A487F81C5503C50015DB05 /* Debug */,
				24A487F91C5503C50015DB05 /* Release */,
			);
			defaultConfigurationIsVisible = 0;
			defaultConfigurationName = Release;
		};
		24C6C1BC1C54F99A0041C31F /* Build configuration list for PBXNativeTarget "TodayKit" */ = {
			isa = XCConfigurationList;
			buildConfigurations = (
				24C6C1BD1C54F99A0041C31F /* Debug */,
				24C6C1BE1C54F99A0041C31F /* Release */,
			);
			defaultConfigurationIsVisible = 0;
			defaultConfigurationName = Release;
		};
		24C6C1BF1C54F99A0041C31F /* Build configuration list for PBXNativeTarget "TodayKitTests" */ = {
			isa = XCConfigurationList;
			buildConfigurations = (
				24C6C1C01C54F99A0041C31F /* Debug */,
				24C6C1C11C54F99A0041C31F /* Release */,
			);
			defaultConfigurationIsVisible = 0;
			defaultConfigurationName = Release;
		};
		24F21ABC1C4FCFEB00396A38 /* Build configuration list for PBXNativeTarget "Today Today Extension" */ = {
			isa = XCConfigurationList;
			buildConfigurations = (
				24F21ABD1C4FCFEB00396A38 /* Debug */,
				24F21ABE1C4FCFEB00396A38 /* Release */,
			);
			defaultConfigurationIsVisible = 0;
			defaultConfigurationName = Release;
		};
		24F21AE21C4FD73E00396A38 /* Build configuration list for PBXNativeTarget "Today Watch Extension" */ = {
			isa = XCConfigurationList;
			buildConfigurations = (
				24F21AE31C4FD73E00396A38 /* Debug */,
				24F21AE41C4FD73E00396A38 /* Release */,
			);
			defaultConfigurationIsVisible = 0;
			defaultConfigurationName = Release;
		};
		24F21AE61C4FD73E00396A38 /* Build configuration list for PBXNativeTarget "Today Watch App" */ = {
			isa = XCConfigurationList;
			buildConfigurations = (
				24F21AE71C4FD73E00396A38 /* Debug */,
				24F21AE81C4FD73E00396A38 /* Release */,
			);
			defaultConfigurationIsVisible = 0;
			defaultConfigurationName = Release;
		};
/* End XCConfigurationList section */

/* Begin XCVersionGroup section */
		24C77EA41C2A8C3400493C13 /* Today.xcdatamodeld */ = {
			isa = XCVersionGroup;
			children = (
				24C77EA51C2A8C3400493C13 /* Today.xcdatamodel */,
			);
			currentVersion = 24C77EA51C2A8C3400493C13 /* Today.xcdatamodel */;
			path = Today.xcdatamodeld;
			sourceTree = "<group>";
			versionGroupType = wrapper.xcdatamodel;
		};
/* End XCVersionGroup section */
	};
	rootObject = 24030AD81C1C821C004E68ED /* Project object */;
}
